// !$*UTF8*$!
{
	archiveVersion = 1;
	classes = {
	};
	objectVersion = 56;
	objects = {

/* Begin PBXBuildFile section */
		D9BF5B4F2B4D7AF4003BE3AB /* AppDelegate.swift in Sources */ = {isa = PBXBuildFile; fileRef = D9BF5B4E2B4D7AF4003BE3AB /* AppDelegate.swift */; };
		D9BF5B512B4D7AF4003BE3AB /* SceneDelegate.swift in Sources */ = {isa = PBXBuildFile; fileRef = D9BF5B502B4D7AF4003BE3AB /* SceneDelegate.swift */; };
		D9BF5B562B4D7AF4003BE3AB /* Main.storyboard in Resources */ = {isa = PBXBuildFile; fileRef = D9BF5B542B4D7AF4003BE3AB /* Main.storyboard */; };
		D9BF5B582B4D7AF5003BE3AB /* Assets.xcassets in Resources */ = {isa = PBXBuildFile; fileRef = D9BF5B572B4D7AF5003BE3AB /* Assets.xcassets */; };
		D9BF5B5B2B4D7AF5003BE3AB /* LaunchScreen.storyboard in Resources */ = {isa = PBXBuildFile; fileRef = D9BF5B592B4D7AF5003BE3AB /* LaunchScreen.storyboard */; };
		D9BF5B652B4D7C38003BE3AB /* FocusViewController.swift in Sources */ = {isa = PBXBuildFile; fileRef = D9BF5B642B4D7C38003BE3AB /* FocusViewController.swift */; };
		D9BF5B672B4D7CB5003BE3AB /* Focus.swift in Sources */ = {isa = PBXBuildFile; fileRef = D9BF5B662B4D7CB5003BE3AB /* Focus.swift */; };
		D9BF5B692B4D7EE4003BE3AB /* FocusCollectionViewCell.swift in Sources */ = {isa = PBXBuildFile; fileRef = D9BF5B682B4D7EE4003BE3AB /* FocusCollectionViewCell.swift */; };
/* End PBXBuildFile section */

/* Begin PBXFileReference section */
		D9BF5B4B2B4D7AF4003BE3AB /* NaviagationPractice.app */ = {isa = PBXFileReference; explicitFileType = wrapper.application; includeInIndex = 0; path = NaviagationPractice.app; sourceTree = BUILT_PRODUCTS_DIR; };
		D9BF5B4E2B4D7AF4003BE3AB /* AppDelegate.swift */ = {isa = PBXFileReference; lastKnownFileType = sourcecode.swift; path = AppDelegate.swift; sourceTree = "<group>"; };
		D9BF5B502B4D7AF4003BE3AB /* SceneDelegate.swift */ = {isa = PBXFileReference; lastKnownFileType = sourcecode.swift; path = SceneDelegate.swift; sourceTree = "<group>"; };
		D9BF5B552B4D7AF4003BE3AB /* Base */ = {isa = PBXFileReference; lastKnownFileType = file.storyboard; name = Base; path = Base.lproj/Main.storyboard; sourceTree = "<group>"; };
		D9BF5B572B4D7AF5003BE3AB /* Assets.xcassets */ = {isa = PBXFileReference; lastKnownFileType = folder.assetcatalog; path = Assets.xcassets; sourceTree = "<group>"; };
		D9BF5B5A2B4D7AF5003BE3AB /* Base */ = {isa = PBXFileReference; lastKnownFileType = file.storyboard; name = Base; path = Base.lproj/LaunchScreen.storyboard; sourceTree = "<group>"; };
		D9BF5B5C2B4D7AF5003BE3AB /* Info.plist */ = {isa = PBXFileReference; lastKnownFileType = text.plist.xml; path = Info.plist; sourceTree = "<group>"; };
		D9BF5B642B4D7C38003BE3AB /* FocusViewController.swift */ = {isa = PBXFileReference; lastKnownFileType = sourcecode.swift; path = FocusViewController.swift; sourceTree = "<group>"; };
		D9BF5B662B4D7CB5003BE3AB /* Focus.swift */ = {isa = PBXFileReference; lastKnownFileType = sourcecode.swift; path = Focus.swift; sourceTree = "<group>"; };
		D9BF5B682B4D7EE4003BE3AB /* FocusCollectionViewCell.swift */ = {isa = PBXFileReference; lastKnownFileType = sourcecode.swift; path = FocusCollectionViewCell.swift; sourceTree = "<group>"; };
/* End PBXFileReference section */

/* Begin PBXFrameworksBuildPhase section */
		D9BF5B482B4D7AF4003BE3AB /* Frameworks */ = {
			isa = PBXFrameworksBuildPhase;
			buildActionMask = 2147483647;
			files = (
			);
			runOnlyForDeploymentPostprocessing = 0;
		};
/* End PBXFrameworksBuildPhase section */

/* Begin PBXGroup section */
		D9BF5B422B4D7AF4003BE3AB = {
			isa = PBXGroup;
			children = (
				D9BF5B4D2B4D7AF4003BE3AB /* NaviagationPractice */,
				D9BF5B4C2B4D7AF4003BE3AB /* Products */,
			);
			sourceTree = "<group>";
		};
		D9BF5B4C2B4D7AF4003BE3AB /* Products */ = {
			isa = PBXGroup;
			children = (
				D9BF5B4B2B4D7AF4003BE3AB /* NaviagationPractice.app */,
			);
			name = Products;
			sourceTree = "<group>";
		};
		D9BF5B4D2B4D7AF4003BE3AB /* NaviagationPractice */ = {
			isa = PBXGroup;
			children = (
				D9BF5B4E2B4D7AF4003BE3AB /* AppDelegate.swift */,
				D9BF5B502B4D7AF4003BE3AB /* SceneDelegate.swift */,
				D9BF5B662B4D7CB5003BE3AB /* Focus.swift */,
				D9BF5B642B4D7C38003BE3AB /* FocusViewController.swift */,
				D9BF5B682B4D7EE4003BE3AB /* FocusCollectionViewCell.swift */,
				D9BF5B542B4D7AF4003BE3AB /* Main.storyboard */,
				D9BF5B572B4D7AF5003BE3AB /* Assets.xcassets */,
				D9BF5B592B4D7AF5003BE3AB /* LaunchScreen.storyboard */,
				D9BF5B5C2B4D7AF5003BE3AB /* Info.plist */,
			);
			path = NaviagationPractice;
			sourceTree = "<group>";
		};
/* End PBXGroup section */

/* Begin PBXNativeTarget section */
		D9BF5B4A2B4D7AF4003BE3AB /* NaviagationPractice */ = {
			isa = PBXNativeTarget;
			buildConfigurationList = D9BF5B5F2B4D7AF5003BE3AB /* Build configuration list for PBXNativeTarget "NaviagationPractice" */;
			buildPhases = (
				D9BF5B472B4D7AF4003BE3AB /* Sources */,
				D9BF5B482B4D7AF4003BE3AB /* Frameworks */,
				D9BF5B492B4D7AF4003BE3AB /* Resources */,
			);
			buildRules = (
			);
			dependencies = (
			);
			name = NaviagationPractice;
			productName = NaviagationPractice;
			productReference = D9BF5B4B2B4D7AF4003BE3AB /* NaviagationPractice.app */;
			productType = "com.apple.product-type.application";
		};
/* End PBXNativeTarget section */

/* Begin PBXProject section */
		D9BF5B432B4D7AF4003BE3AB /* Project object */ = {
			isa = PBXProject;
			attributes = {
				BuildIndependentTargetsInParallel = 1;
				LastSwiftUpdateCheck = 1500;
				LastUpgradeCheck = 1500;
				TargetAttributes = {
					D9BF5B4A2B4D7AF4003BE3AB = {
						CreatedOnToolsVersion = 15.0;
					};
				};
			};
			buildConfigurationList = D9BF5B462B4D7AF4003BE3AB /* Build configuration list for PBXProject "NaviagationPractice" */;
			compatibilityVersion = "Xcode 14.0";
			developmentRegion = en;
			hasScannedForEncodings = 0;
			knownRegions = (
				en,
				Base,
			);
			mainGroup = D9BF5B422B4D7AF4003BE3AB;
			productRefGroup = D9BF5B4C2B4D7AF4003BE3AB /* Products */;
			projectDirPath = "";
			projectRoot = "";
			targets = (
				D9BF5B4A2B4D7AF4003BE3AB /* NaviagationPractice */,
			);
		};
/* End PBXProject section */

/* Begin PBXResourcesBuildPhase section */
		D9BF5B492B4D7AF4003BE3AB /* Resources */ = {
			isa = PBXResourcesBuildPhase;
			buildActionMask = 2147483647;
			files = (
				D9BF5B5B2B4D7AF5003BE3AB /* LaunchScreen.storyboard in Resources */,
				D9BF5B582B4D7AF5003BE3AB /* Assets.xcassets in Resources */,
				D9BF5B562B4D7AF4003BE3AB /* Main.storyboard in Resources */,
			);
			runOnlyForDeploymentPostprocessing = 0;
		};
/* End PBXResourcesBuildPhase section */

/* Begin PBXSourcesBuildPhase section */
		D9BF5B472B4D7AF4003BE3AB /* Sources */ = {
			isa = PBXSourcesBuildPhase;
			buildActionMask = 2147483647;
			files = (
				D9BF5B4F2B4D7AF4003BE3AB /* AppDelegate.swift in Sources */,
				D9BF5B652B4D7C38003BE3AB /* FocusViewController.swift in Sources */,
				D9BF5B692B4D7EE4003BE3AB /* FocusCollectionViewCell.swift in Sources */,
				D9BF5B672B4D7CB5003BE3AB /* Focus.swift in Sources */,
				D9BF5B512B4D7AF4003BE3AB /* SceneDelegate.swift in Sources */,
			);
			runOnlyForDeploymentPostprocessing = 0;
		};
/* End PBXSourcesBuildPhase section */

/* Begin PBXVariantGroup section */
		D9BF5B542B4D7AF4003BE3AB /* Main.storyboard */ = {
			isa = PBXVariantGroup;
			children = (
				D9BF5B552B4D7AF4003BE3AB /* Base */,
			);
			name = Main.storyboard;
			sourceTree = "<group>";
		};
		D9BF5B592B4D7AF5003BE3AB /* LaunchScreen.storyboard */ = {
			isa = PBXVariantGroup;
			children = (
				D9BF5B5A2B4D7AF5003BE3AB /* Base */,
			);
			name = LaunchScreen.storyboard;
			sourceTree = "<group>";
		};
/* End PBXVariantGroup section */

/* Begin XCBuildConfiguration section */
		D9BF5B5D2B4D7AF5003BE3AB /* Debug */ = {
			isa = XCBuildConfiguration;
			buildSettings = {
				ALWAYS_SEARCH_USER_PATHS = NO;
				ASSETCATALOG_COMPILER_GENERATE_SWIFT_ASSET_SYMBOL_EXTENSIONS = YES;
				CLANG_ANALYZER_NONNULL = YES;
				CLANG_ANALYZER_NUMBER_OBJECT_CONVERSION = YES_AGGRESSIVE;
				CLANG_CXX_LANGUAGE_STANDARD = "gnu++20";
				CLANG_ENABLE_MODULES = YES;
				CLANG_ENABLE_OBJC_ARC = YES;
				CLANG_ENABLE_OBJC_WEAK = YES;
				CLANG_WARN_BLOCK_CAPTURE_AUTORELEASING = YES;
				CLANG_WARN_BOOL_CONVERSION = YES;
				CLANG_WARN_COMMA = YES;
				CLANG_WARN_CONSTANT_CONVERSION = YES;
				CLANG_WARN_DEPRECATED_OBJC_IMPLEMENTATIONS = YES;
				CLANG_WARN_DIRECT_OBJC_ISA_USAGE = YES_ERROR;
				CLANG_WARN_DOCUMENTATION_COMMENTS = YES;
				CLANG_WARN_EMPTY_BODY = YES;
				CLANG_WARN_ENUM_CONVERSION = YES;
				CLANG_WARN_INFINITE_RECURSION = YES;
				CLANG_WARN_INT_CONVERSION = YES;
				CLANG_WARN_NON_LITERAL_NULL_CONVERSION = YES;
				CLANG_WARN_OBJC_IMPLICIT_RETAIN_SELF = YES;
				CLANG_WARN_OBJC_LITERAL_CONVERSION = YES;
				CLANG_WARN_OBJC_ROOT_CLASS = YES_ERROR;
				CLANG_WARN_QUOTED_INCLUDE_IN_FRAMEWORK_HEADER = YES;
				CLANG_WARN_RANGE_LOOP_ANALYSIS = YES;
				CLANG_WARN_STRICT_PROTOTYPES = YES;
				CLANG_WARN_SUSPICIOUS_MOVE = YES;
				CLANG_WARN_UNGUARDED_AVAILABILITY = YES_AGGRESSIVE;
				CLANG_WARN_UNREACHABLE_CODE = YES;
				CLANG_WARN__DUPLICATE_METHOD_MATCH = YES;
				COPY_PHASE_STRIP = NO;
				DEBUG_INFORMATION_FORMAT = dwarf;
				ENABLE_STRICT_OBJC_MSGSEND = YES;
				ENABLE_TESTABILITY = YES;
				ENABLE_USER_SCRIPT_SANDBOXING = YES;
				GCC_C_LANGUAGE_STANDARD = gnu17;
				GCC_DYNAMIC_NO_PIC = NO;
				GCC_NO_COMMON_BLOCKS = YES;
				GCC_OPTIMIZATION_LEVEL = 0;
				GCC_PREPROCESSOR_DEFINITIONS = (
					"DEBUG=1",
					"$(inherited)",
				);
				GCC_WARN_64_TO_32_BIT_CONVERSION = YES;
				GCC_WARN_ABOUT_RETURN_TYPE = YES_ERROR;
				GCC_WARN_UNDECLARED_SELECTOR = YES;
				GCC_WARN_UNINITIALIZED_AUTOS = YES_AGGRESSIVE;
				GCC_WARN_UNUSED_FUNCTION = YES;
				GCC_WARN_UNUSED_VARIABLE = YES;
				IPHONEOS_DEPLOYMENT_TARGET = 17.0;
				LOCALIZATION_PREFERS_STRING_CATALOGS = YES;
				MTL_ENABLE_DEBUG_INFO = INCLUDE_SOURCE;
				MTL_FAST_MATH = YES;
				ONLY_ACTIVE_ARCH = YES;
				SDKROOT = iphoneos;
				SWIFT_ACTIVE_COMPILATION_CONDITIONS = "DEBUG $(inherited)";
				SWIFT_OPTIMIZATION_LEVEL = "-Onone";
			};
			name = Debug;
		};
		D9BF5B5E2B4D7AF5003BE3AB /* Release */ = {
			isa = XCBuildConfiguration;
			buildSettings = {
				ALWAYS_SEARCH_USER_PATHS = NO;
				ASSETCATALOG_COMPILER_GENERATE_SWIFT_ASSET_SYMBOL_EXTENSIONS = YES;
				CLANG_ANALYZER_NONNULL = YES;
				CLANG_ANALYZER_NUMBER_OBJECT_CONVERSION = YES_AGGRESSIVE;
				CLANG_CXX_LANGUAGE_STANDARD = "gnu++20";
				CLANG_ENABLE_MODULES = YES;
				CLANG_ENABLE_OBJC_ARC = YES;
				CLANG_ENABLE_OBJC_WEAK = YES;
				CLANG_WARN_BLOCK_CAPTURE_AUTORELEASING = YES;
				CLANG_WARN_BOOL_CONVERSION = YES;
				CLANG_WARN_COMMA = YES;
				CLANG_WARN_CONSTANT_CONVERSION = YES;
				CLANG_WARN_DEPRECATED_OBJC_IMPLEMENTATIONS = YES;
				CLANG_WARN_DIRECT_OBJC_ISA_USAGE = YES_ERROR;
				CLANG_WARN_DOCUMENTATION_COMMENTS = YES;
				CLANG_WARN_EMPTY_BODY = YES;
				CLANG_WARN_ENUM_CONVERSION = YES;
				CLANG_WARN_INFINITE_RECURSION = YES;
				CLANG_WARN_INT_CONVERSION = YES;
				CLANG_WARN_NON_LITERAL_NULL_CONVERSION = YES;
				CLANG_WARN_OBJC_IMPLICIT_RETAIN_SELF = YES;
				CLANG_WARN_OBJC_LITERAL_CONVERSION = YES;
				CLANG_WARN_OBJC_ROOT_CLASS = YES_ERROR;
				CLANG_WARN_QUOTED_INCLUDE_IN_FRAMEWORK_HEADER = YES;
				CLANG_WARN_RANGE_LOOP_ANALYSIS = YES;
				CLANG_WARN_STRICT_PROTOTYPES = YES;
				CLANG_WARN_SUSPICIOUS_MOVE = YES;
				CLANG_WARN_UNGUARDED_AVAILABILITY = YES_AGGRESSIVE;
				CLANG_WARN_UNREACHABLE_CODE = YES;
				CLANG_WARN__DUPLICATE_METHOD_MATCH = YES;
				COPY_PHASE_STRIP = NO;
				DEBUG_INFORMATION_FORMAT = "dwarf-with-dsym";
				ENABLE_NS_ASSERTIONS = NO;
				ENABLE_STRICT_OBJC_MSGSEND = YES;
				ENABLE_USER_SCRIPT_SANDBOXING = YES;
				GCC_C_LANGUAGE_STANDARD = gnu17;
				GCC_NO_COMMON_BLOCKS = YES;
				GCC_WARN_64_TO_32_BIT_CONVERSION = YES;
				GCC_WARN_ABOUT_RETURN_TYPE = YES_ERROR;
				GCC_WARN_UNDECLARED_SELECTOR = YES;
				GCC_WARN_UNINITIALIZED_AUTOS = YES_AGGRESSIVE;
				GCC_WARN_UNUSED_FUNCTION = YES;
				GCC_WARN_UNUSED_VARIABLE = YES;
				IPHONEOS_DEPLOYMENT_TARGET = 17.0;
				LOCALIZATION_PREFERS_STRING_CATALOGS = YES;
				MTL_ENABLE_DEBUG_INFO = NO;
				MTL_FAST_MATH = YES;
				SDKROOT = iphoneos;
				SWIFT_COMPILATION_MODE = wholemodule;
				VALIDATE_PRODUCT = YES;
			};
			name = Release;
		};
		D9BF5B602B4D7AF5003BE3AB /* Debug */ = {
			isa = XCBuildConfiguration;
			buildSettings = {
				ASSETCATALOG_COMPILER_APPICON_NAME = AppIcon;
				ASSETCATALOG_COMPILER_GLOBAL_ACCENT_COLOR_NAME = AccentColor;
				CODE_SIGN_STYLE = Automatic;
				CURRENT_PROJECT_VERSION = 1;
				DEVELOPMENT_TEAM = 3X7HFG8283;
				GENERATE_INFOPLIST_FILE = YES;
				INFOPLIST_FILE = NaviagationPractice/Info.plist;
				INFOPLIST_KEY_UIApplicationSupportsIndirectInputEvents = YES;
				INFOPLIST_KEY_UILaunchStoryboardName = LaunchScreen;
				INFOPLIST_KEY_UIMainStoryboardFile = Main;
				INFOPLIST_KEY_UISupportedInterfaceOrientations_iPad = "UIInterfaceOrientationPortrait UIInterfaceOrientationPortraitUpsideDown UIInterfaceOrientationLandscapeLeft UIInterfaceOrientationLandscapeRight";
				INFOPLIST_KEY_UISupportedInterfaceOrientations_iPhone = "UIInterfaceOrientationPortrait UIInterfaceOrientationLandscapeLeft UIInterfaceOrientationLandscapeRight";
				LD_RUNPATH_SEARCH_PATHS = (
					"$(inherited)",
					"@executable_path/Frameworks",
				);
				MARKETING_VERSION = 1.0;
				PRODUCT_BUNDLE_IDENTIFIER = BrownSwiftUI.NaviagationPractice;
				PRODUCT_NAME = "$(TARGET_NAME)";
				SWIFT_EMIT_LOC_STRINGS = YES;
				SWIFT_VERSION = 5.0;
				TARGETED_DEVICE_FAMILY = "1,2";
			};
			name = Debug;
		};
		D9BF5B612B4D7AF5003BE3AB /* Release */ = {
			isa = XCBuildConfiguration;
			buildSettings = {
				ASSETCATALOG_COMPILER_APPICON_NAME = AppIcon;
				ASSETCATALOG_COMPILER_GLOBAL_ACCENT_COLOR_NAME = AccentColor;
				CODE_SIGN_STYLE = Automatic;
				CURRENT_PROJECT_VERSION = 1;
				DEVELOPMENT_TEAM = 3X7HFG8283;
				GENERATE_INFOPLIST_FILE = YES;
				INFOPLIST_FILE = NaviagationPractice/Info.plist;
				INFOPLIST_KEY_UIApplicationSupportsIndirectInputEvents = YES;
				INFOPLIST_KEY_UILaunchStoryboardName = LaunchScreen;
				INFOPLIST_KEY_UIMainStoryboardFile = Main;
				INFOPLIST_KEY_UISupportedInterfaceOrientations_iPad = "UIInterfaceOrientationPortrait UIInterfaceOrientationPortraitUpsideDown UIInterfaceOrientationLandscapeLeft UIInterfaceOrientationLandscapeRight";
				INFOPLIST_KEY_UISupportedInterfaceOrientations_iPhone = "UIInterfaceOrientationPortrait UIInterfaceOrientationLandscapeLeft UIInterfaceOrientationLandscapeRight";
				LD_RUNPATH_SEARCH_PATHS = (
					"$(inherited)",
					"@executable_path/Frameworks",
				);
				MARKETING_VERSION = 1.0;
				PRODUCT_BUNDLE_IDENTIFIER = BrownSwiftUI.NaviagationPractice;
				PRODUCT_NAME = "$(TARGET_NAME)";
				SWIFT_EMIT_LOC_STRINGS = YES;
				SWIFT_VERSION = 5.0;
				TARGETED_DEVICE_FAMILY = "1,2";
			};
			name = Release;
		};
/* End XCBuildConfiguration section */

/* Begin XCConfigurationList section */
		D9BF5B462B4D7AF4003BE3AB /* Build configuration list for PBXProject "NaviagationPractice" */ = {
			isa = XCConfigurationList;
			buildConfigurations = (
				D9BF5B5D2B4D7AF5003BE3AB /* Debug */,
				D9BF5B5E2B4D7AF5003BE3AB /* Release */,
			);
			defaultConfigurationIsVisible = 0;
			defaultConfigurationName = Release;
		};
		D9BF5B5F2B4D7AF5003BE3AB /* Build configuration list for PBXNativeTarget "NaviagationPractice" */ = {
			isa = XCConfigurationList;
			buildConfigurations = (
				D9BF5B602B4D7AF5003BE3AB /* Debug */,
				D9BF5B612B4D7AF5003BE3AB /* Release */,
			);
			defaultConfigurationIsVisible = 0;
			defaultConfigurationName = Release;
		};
/* End XCConfigurationList section */
	};
	rootObject = D9BF5B432B4D7AF4003BE3AB /* Project object */;
}
