// !$*UTF8*$!
{
	archiveVersion = 1;
	classes = {
	};
	objectVersion = 56;
	objects = {

/* Begin PBXBuildFile section */
		D96785E12BC1361D00CCAE77 /* AppDelegate.swift in Sources */ = {isa = PBXBuildFile; fileRef = D96785E02BC1361D00CCAE77 /* AppDelegate.swift */; };
		D96785E32BC1361D00CCAE77 /* SceneDelegate.swift in Sources */ = {isa = PBXBuildFile; fileRef = D96785E22BC1361D00CCAE77 /* SceneDelegate.swift */; };
		D96785E52BC1361D00CCAE77 /* ViewController.swift in Sources */ = {isa = PBXBuildFile; fileRef = D96785E42BC1361D00CCAE77 /* ViewController.swift */; };
		D96785E82BC1361D00CCAE77 /* Main.storyboard in Resources */ = {isa = PBXBuildFile; fileRef = D96785E62BC1361D00CCAE77 /* Main.storyboard */; };
		D96785EB2BC1361D00CCAE77 /* ToDoApp.xcdatamodeld in Sources */ = {isa = PBXBuildFile; fileRef = D96785E92BC1361D00CCAE77 /* ToDoApp.xcdatamodeld */; };
		D96785ED2BC1361E00CCAE77 /* Assets.xcassets in Resources */ = {isa = PBXBuildFile; fileRef = D96785EC2BC1361E00CCAE77 /* Assets.xcassets */; };
		D96785F02BC1361E00CCAE77 /* LaunchScreen.storyboard in Resources */ = {isa = PBXBuildFile; fileRef = D96785EE2BC1361E00CCAE77 /* LaunchScreen.storyboard */; };
		D96785F92BC1368400CCAE77 /* ToDoData+CoreDataClass.swift in Sources */ = {isa = PBXBuildFile; fileRef = D96785F72BC1368400CCAE77 /* ToDoData+CoreDataClass.swift */; };
		D96785FA2BC1368400CCAE77 /* ToDoData+CoreDataProperties.swift in Sources */ = {isa = PBXBuildFile; fileRef = D96785F82BC1368400CCAE77 /* ToDoData+CoreDataProperties.swift */; };
		D96785FF2BC13E5600CCAE77 /* DetailViewController.swift in Sources */ = {isa = PBXBuildFile; fileRef = D96785FE2BC13E5600CCAE77 /* DetailViewController.swift */; };
		D96786012BC13FF600CCAE77 /* CoreDataManager.swift in Sources */ = {isa = PBXBuildFile; fileRef = D96786002BC13FF600CCAE77 /* CoreDataManager.swift */; };
		D96786032BC162AC00CCAE77 /* ToDoCell.swift in Sources */ = {isa = PBXBuildFile; fileRef = D96786022BC162AC00CCAE77 /* ToDoCell.swift */; };
		D96786062BC1688300CCAE77 /* MyColor.swift in Sources */ = {isa = PBXBuildFile; fileRef = D96786052BC1688300CCAE77 /* MyColor.swift */; };
/* End PBXBuildFile section */

/* Begin PBXFileReference section */
		D96785DD2BC1361D00CCAE77 /* ToDoApp.app */ = {isa = PBXFileReference; explicitFileType = wrapper.application; includeInIndex = 0; path = ToDoApp.app; sourceTree = BUILT_PRODUCTS_DIR; };
		D96785E02BC1361D00CCAE77 /* AppDelegate.swift */ = {isa = PBXFileReference; lastKnownFileType = sourcecode.swift; path = AppDelegate.swift; sourceTree = "<group>"; };
		D96785E22BC1361D00CCAE77 /* SceneDelegate.swift */ = {isa = PBXFileReference; lastKnownFileType = sourcecode.swift; path = SceneDelegate.swift; sourceTree = "<group>"; };
		D96785E42BC1361D00CCAE77 /* ViewController.swift */ = {isa = PBXFileReference; lastKnownFileType = sourcecode.swift; path = ViewController.swift; sourceTree = "<group>"; };
		D96785E72BC1361D00CCAE77 /* Base */ = {isa = PBXFileReference; lastKnownFileType = file.storyboard; name = Base; path = Base.lproj/Main.storyboard; sourceTree = "<group>"; };
		D96785EA2BC1361D00CCAE77 /* ToDoApp.xcdatamodel */ = {isa = PBXFileReference; lastKnownFileType = wrapper.xcdatamodel; path = ToDoApp.xcdatamodel; sourceTree = "<group>"; };
		D96785EC2BC1361E00CCAE77 /* Assets.xcassets */ = {isa = PBXFileReference; lastKnownFileType = folder.assetcatalog; path = Assets.xcassets; sourceTree = "<group>"; };
		D96785EF2BC1361E00CCAE77 /* Base */ = {isa = PBXFileReference; lastKnownFileType = file.storyboard; name = Base; path = Base.lproj/LaunchScreen.storyboard; sourceTree = "<group>"; };
		D96785F12BC1361E00CCAE77 /* Info.plist */ = {isa = PBXFileReference; lastKnownFileType = text.plist.xml; path = Info.plist; sourceTree = "<group>"; };
		D96785F72BC1368400CCAE77 /* ToDoData+CoreDataClass.swift */ = {isa = PBXFileReference; lastKnownFileType = sourcecode.swift; path = "ToDoData+CoreDataClass.swift"; sourceTree = "<group>"; };
		D96785F82BC1368400CCAE77 /* ToDoData+CoreDataProperties.swift */ = {isa = PBXFileReference; lastKnownFileType = sourcecode.swift; path = "ToDoData+CoreDataProperties.swift"; sourceTree = "<group>"; };
		D96785FE2BC13E5600CCAE77 /* DetailViewController.swift */ = {isa = PBXFileReference; lastKnownFileType = sourcecode.swift; path = DetailViewController.swift; sourceTree = "<group>"; };
		D96786002BC13FF600CCAE77 /* CoreDataManager.swift */ = {isa = PBXFileReference; lastKnownFileType = sourcecode.swift; path = CoreDataManager.swift; sourceTree = "<group>"; };
		D96786022BC162AC00CCAE77 /* ToDoCell.swift */ = {isa = PBXFileReference; lastKnownFileType = sourcecode.swift; path = ToDoCell.swift; sourceTree = "<group>"; };
		D96786052BC1688300CCAE77 /* MyColor.swift */ = {isa = PBXFileReference; lastKnownFileType = sourcecode.swift; path = MyColor.swift; sourceTree = "<group>"; };
/* End PBXFileReference section */

/* Begin PBXFrameworksBuildPhase section */
		D96785DA2BC1361D00CCAE77 /* Frameworks */ = {
			isa = PBXFrameworksBuildPhase;
			buildActionMask = 2147483647;
			files = (
			);
			runOnlyForDeploymentPostprocessing = 0;
		};
/* End PBXFrameworksBuildPhase section */

/* Begin PBXGroup section */
		D96785D42BC1361D00CCAE77 = {
			isa = PBXGroup;
			children = (
				D96785DF2BC1361D00CCAE77 /* ToDoApp */,
				D96785DE2BC1361D00CCAE77 /* Products */,
			);
			sourceTree = "<group>";
		};
		D96785DE2BC1361D00CCAE77 /* Products */ = {
			isa = PBXGroup;
			children = (
				D96785DD2BC1361D00CCAE77 /* ToDoApp.app */,
			);
			name = Products;
			sourceTree = "<group>";
		};
		D96785DF2BC1361D00CCAE77 /* ToDoApp */ = {
			isa = PBXGroup;
			children = (
				D96785E02BC1361D00CCAE77 /* AppDelegate.swift */,
				D96785E22BC1361D00CCAE77 /* SceneDelegate.swift */,
				D96786042BC1687100CCAE77 /* Helpers */,
				D96785FB2BC1368900CCAE77 /* Models */,
				D96785FC2BC1369100CCAE77 /* Views */,
				D96785FD2BC1369600CCAE77 /* Controllers */,
				D96785EC2BC1361E00CCAE77 /* Assets.xcassets */,
				D96785EE2BC1361E00CCAE77 /* LaunchScreen.storyboard */,
				D96785F12BC1361E00CCAE77 /* Info.plist */,
				D96785E92BC1361D00CCAE77 /* ToDoApp.xcdatamodeld */,
			);
			path = ToDoApp;
			sourceTree = "<group>";
		};
		D96785FB2BC1368900CCAE77 /* Models */ = {
			isa = PBXGroup;
			children = (
				D96785F72BC1368400CCAE77 /* ToDoData+CoreDataClass.swift */,
				D96785F82BC1368400CCAE77 /* ToDoData+CoreDataProperties.swift */,
				D96786002BC13FF600CCAE77 /* CoreDataManager.swift */,
			);
			path = Models;
			sourceTree = "<group>";
		};
		D96785FC2BC1369100CCAE77 /* Views */ = {
			isa = PBXGroup;
			children = (
				D96786022BC162AC00CCAE77 /* ToDoCell.swift */,
				D96785E62BC1361D00CCAE77 /* Main.storyboard */,
			);
			path = Views;
			sourceTree = "<group>";
		};
		D96785FD2BC1369600CCAE77 /* Controllers */ = {
			isa = PBXGroup;
			children = (
				D96785E42BC1361D00CCAE77 /* ViewController.swift */,
				D96785FE2BC13E5600CCAE77 /* DetailViewController.swift */,
			);
			path = Controllers;
			sourceTree = "<group>";
		};
		D96786042BC1687100CCAE77 /* Helpers */ = {
			isa = PBXGroup;
			children = (
				D96786052BC1688300CCAE77 /* MyColor.swift */,
			);
			path = Helpers;
			sourceTree = "<group>";
		};
/* End PBXGroup section */

/* Begin PBXNativeTarget section */
		D96785DC2BC1361D00CCAE77 /* ToDoApp */ = {
			isa = PBXNativeTarget;
			buildConfigurationList = D96785F42BC1361E00CCAE77 /* Build configuration list for PBXNativeTarget "ToDoApp" */;
			buildPhases = (
				D96785D92BC1361D00CCAE77 /* Sources */,
				D96785DA2BC1361D00CCAE77 /* Frameworks */,
				D96785DB2BC1361D00CCAE77 /* Resources */,
			);
			buildRules = (
			);
			dependencies = (
			);
			name = ToDoApp;
			productName = ToDoApp;
			productReference = D96785DD2BC1361D00CCAE77 /* ToDoApp.app */;
			productType = "com.apple.product-type.application";
		};
/* End PBXNativeTarget section */

/* Begin PBXProject section */
		D96785D52BC1361D00CCAE77 /* Project object */ = {
			isa = PBXProject;
			attributes = {
				BuildIndependentTargetsInParallel = 1;
				LastSwiftUpdateCheck = 1500;
				LastUpgradeCheck = 1500;
				TargetAttributes = {
					D96785DC2BC1361D00CCAE77 = {
						CreatedOnToolsVersion = 15.0;
					};
				};
			};
			buildConfigurationList = D96785D82BC1361D00CCAE77 /* Build configuration list for PBXProject "ToDoApp" */;
			compatibilityVersion = "Xcode 14.0";
			developmentRegion = en;
			hasScannedForEncodings = 0;
			knownRegions = (
				en,
				Base,
			);
			mainGroup = D96785D42BC1361D00CCAE77;
			productRefGroup = D96785DE2BC1361D00CCAE77 /* Products */;
			projectDirPath = "";
			projectRoot = "";
			targets = (
				D96785DC2BC1361D00CCAE77 /* ToDoApp */,
			);
		};
/* End PBXProject section */

/* Begin PBXResourcesBuildPhase section */
		D96785DB2BC1361D00CCAE77 /* Resources */ = {
			isa = PBXResourcesBuildPhase;
			buildActionMask = 2147483647;
			files = (
				D96785F02BC1361E00CCAE77 /* LaunchScreen.storyboard in Resources */,
				D96785ED2BC1361E00CCAE77 /* Assets.xcassets in Resources */,
				D96785E82BC1361D00CCAE77 /* Main.storyboard in Resources */,
			);
			runOnlyForDeploymentPostprocessing = 0;
		};
/* End PBXResourcesBuildPhase section */

/* Begin PBXSourcesBuildPhase section */
		D96785D92BC1361D00CCAE77 /* Sources */ = {
			isa = PBXSourcesBuildPhase;
			buildActionMask = 2147483647;
			files = (
				D96785E52BC1361D00CCAE77 /* ViewController.swift in Sources */,
				D96785E12BC1361D00CCAE77 /* AppDelegate.swift in Sources */,
				D96785E32BC1361D00CCAE77 /* SceneDelegate.swift in Sources */,
				D96785FA2BC1368400CCAE77 /* ToDoData+CoreDataProperties.swift in Sources */,
				D96785F92BC1368400CCAE77 /* ToDoData+CoreDataClass.swift in Sources */,
				D96786062BC1688300CCAE77 /* MyColor.swift in Sources */,
				D96785EB2BC1361D00CCAE77 /* ToDoApp.xcdatamodeld in Sources */,
				D96786012BC13FF600CCAE77 /* CoreDataManager.swift in Sources */,
				D96786032BC162AC00CCAE77 /* ToDoCell.swift in Sources */,
				D96785FF2BC13E5600CCAE77 /* DetailViewController.swift in Sources */,
			);
			runOnlyForDeploymentPostprocessing = 0;
		};
/* End PBXSourcesBuildPhase section */

/* Begin PBXVariantGroup section */
		D96785E62BC1361D00CCAE77 /* Main.storyboard */ = {
			isa = PBXVariantGroup;
			children = (
				D96785E72BC1361D00CCAE77 /* Base */,
			);
			name = Main.storyboard;
			sourceTree = "<group>";
		};
		D96785EE2BC1361E00CCAE77 /* LaunchScreen.storyboard */ = {
			isa = PBXVariantGroup;
			children = (
				D96785EF2BC1361E00CCAE77 /* Base */,
			);
			name = LaunchScreen.storyboard;
			sourceTree = "<group>";
		};
/* End PBXVariantGroup section */

/* Begin XCBuildConfiguration section */
		D96785F22BC1361E00CCAE77 /* Debug */ = {
			isa = XCBuildConfiguration;
			buildSettings = {
				ALWAYS_SEARCH_USER_PATHS = NO;
				ASSETCATALOG_COMPILER_GENERATE_SWIFT_ASSET_SYMBOL_EXTENSIONS = YES;
				CLANG_ANALYZER_NONNULL = YES;
				CLANG_ANALYZER_NUMBER_OBJECT_CONVERSION = YES_AGGRESSIVE;
				CLANG_CXX_LANGUAGE_STANDARD = "gnu++20";
				CLANG_ENABLE_MODULES = YES;
				CLANG_ENABLE_OBJC_ARC = YES;
				CLANG_ENABLE_OBJC_WEAK = YES;
				CLANG_WARN_BLOCK_CAPTURE_AUTORELEASING = YES;
				CLANG_WARN_BOOL_CONVERSION = YES;
				CLANG_WARN_COMMA = YES;
				CLANG_WARN_CONSTANT_CONVERSION = YES;
				CLANG_WARN_DEPRECATED_OBJC_IMPLEMENTATIONS = YES;
				CLANG_WARN_DIRECT_OBJC_ISA_USAGE = YES_ERROR;
				CLANG_WARN_DOCUMENTATION_COMMENTS = YES;
				CLANG_WARN_EMPTY_BODY = YES;
				CLANG_WARN_ENUM_CONVERSION = YES;
				CLANG_WARN_INFINITE_RECURSION = YES;
				CLANG_WARN_INT_CONVERSION = YES;
				CLANG_WARN_NON_LITERAL_NULL_CONVERSION = YES;
				CLANG_WARN_OBJC_IMPLICIT_RETAIN_SELF = YES;
				CLANG_WARN_OBJC_LITERAL_CONVERSION = YES;
				CLANG_WARN_OBJC_ROOT_CLASS = YES_ERROR;
				CLANG_WARN_QUOTED_INCLUDE_IN_FRAMEWORK_HEADER = YES;
				CLANG_WARN_RANGE_LOOP_ANALYSIS = YES;
				CLANG_WARN_STRICT_PROTOTYPES = YES;
				CLANG_WARN_SUSPICIOUS_MOVE = YES;
				CLANG_WARN_UNGUARDED_AVAILABILITY = YES_AGGRESSIVE;
				CLANG_WARN_UNREACHABLE_CODE = YES;
				CLANG_WARN__DUPLICATE_METHOD_MATCH = YES;
				COPY_PHASE_STRIP = NO;
				DEBUG_INFORMATION_FORMAT = dwarf;
				ENABLE_STRICT_OBJC_MSGSEND = YES;
				ENABLE_TESTABILITY = YES;
				ENABLE_USER_SCRIPT_SANDBOXING = YES;
				GCC_C_LANGUAGE_STANDARD = gnu17;
				GCC_DYNAMIC_NO_PIC = NO;
				GCC_NO_COMMON_BLOCKS = YES;
				GCC_OPTIMIZATION_LEVEL = 0;
				GCC_PREPROCESSOR_DEFINITIONS = (
					"DEBUG=1",
					"$(inherited)",
				);
				GCC_WARN_64_TO_32_BIT_CONVERSION = YES;
				GCC_WARN_ABOUT_RETURN_TYPE = YES_ERROR;
				GCC_WARN_UNDECLARED_SELECTOR = YES;
				GCC_WARN_UNINITIALIZED_AUTOS = YES_AGGRESSIVE;
				GCC_WARN_UNUSED_FUNCTION = YES;
				GCC_WARN_UNUSED_VARIABLE = YES;
				IPHONEOS_DEPLOYMENT_TARGET = 17.0;
				LOCALIZATION_PREFERS_STRING_CATALOGS = YES;
				MTL_ENABLE_DEBUG_INFO = INCLUDE_SOURCE;
				MTL_FAST_MATH = YES;
				ONLY_ACTIVE_ARCH = YES;
				SDKROOT = iphoneos;
				SWIFT_ACTIVE_COMPILATION_CONDITIONS = "DEBUG $(inherited)";
				SWIFT_OPTIMIZATION_LEVEL = "-Onone";
			};
			name = Debug;
		};
		D96785F32BC1361E00CCAE77 /* Release */ = {
			isa = XCBuildConfiguration;
			buildSettings = {
				ALWAYS_SEARCH_USER_PATHS = NO;
				ASSETCATALOG_COMPILER_GENERATE_SWIFT_ASSET_SYMBOL_EXTENSIONS = YES;
				CLANG_ANALYZER_NONNULL = YES;
				CLANG_ANALYZER_NUMBER_OBJECT_CONVERSION = YES_AGGRESSIVE;
				CLANG_CXX_LANGUAGE_STANDARD = "gnu++20";
				CLANG_ENABLE_MODULES = YES;
				CLANG_ENABLE_OBJC_ARC = YES;
				CLANG_ENABLE_OBJC_WEAK = YES;
				CLANG_WARN_BLOCK_CAPTURE_AUTORELEASING = YES;
				CLANG_WARN_BOOL_CONVERSION = YES;
				CLANG_WARN_COMMA = YES;
				CLANG_WARN_CONSTANT_CONVERSION = YES;
				CLANG_WARN_DEPRECATED_OBJC_IMPLEMENTATIONS = YES;
				CLANG_WARN_DIRECT_OBJC_ISA_USAGE = YES_ERROR;
				CLANG_WARN_DOCUMENTATION_COMMENTS = YES;
				CLANG_WARN_EMPTY_BODY = YES;
				CLANG_WARN_ENUM_CONVERSION = YES;
				CLANG_WARN_INFINITE_RECURSION = YES;
				CLANG_WARN_INT_CONVERSION = YES;
				CLANG_WARN_NON_LITERAL_NULL_CONVERSION = YES;
				CLANG_WARN_OBJC_IMPLICIT_RETAIN_SELF = YES;
				CLANG_WARN_OBJC_LITERAL_CONVERSION = YES;
				CLANG_WARN_OBJC_ROOT_CLASS = YES_ERROR;
				CLANG_WARN_QUOTED_INCLUDE_IN_FRAMEWORK_HEADER = YES;
				CLANG_WARN_RANGE_LOOP_ANALYSIS = YES;
				CLANG_WARN_STRICT_PROTOTYPES = YES;
				CLANG_WARN_SUSPICIOUS_MOVE = YES;
				CLANG_WARN_UNGUARDED_AVAILABILITY = YES_AGGRESSIVE;
				CLANG_WARN_UNREACHABLE_CODE = YES;
				CLANG_WARN__DUPLICATE_METHOD_MATCH = YES;
				COPY_PHASE_STRIP = NO;
				DEBUG_INFORMATION_FORMAT = "dwarf-with-dsym";
				ENABLE_NS_ASSERTIONS = NO;
				ENABLE_STRICT_OBJC_MSGSEND = YES;
				ENABLE_USER_SCRIPT_SANDBOXING = YES;
				GCC_C_LANGUAGE_STANDARD = gnu17;
				GCC_NO_COMMON_BLOCKS = YES;
				GCC_WARN_64_TO_32_BIT_CONVERSION = YES;
				GCC_WARN_ABOUT_RETURN_TYPE = YES_ERROR;
				GCC_WARN_UNDECLARED_SELECTOR = YES;
				GCC_WARN_UNINITIALIZED_AUTOS = YES_AGGRESSIVE;
				GCC_WARN_UNUSED_FUNCTION = YES;
				GCC_WARN_UNUSED_VARIABLE = YES;
				IPHONEOS_DEPLOYMENT_TARGET = 17.0;
				LOCALIZATION_PREFERS_STRING_CATALOGS = YES;
				MTL_ENABLE_DEBUG_INFO = NO;
				MTL_FAST_MATH = YES;
				SDKROOT = iphoneos;
				SWIFT_COMPILATION_MODE = wholemodule;
				VALIDATE_PRODUCT = YES;
			};
			name = Release;
		};
		D96785F52BC1361E00CCAE77 /* Debug */ = {
			isa = XCBuildConfiguration;
			buildSettings = {
				ASSETCATALOG_COMPILER_APPICON_NAME = AppIcon;
				ASSETCATALOG_COMPILER_GLOBAL_ACCENT_COLOR_NAME = AccentColor;
				CODE_SIGN_STYLE = Automatic;
				CURRENT_PROJECT_VERSION = 1;
				DEVELOPMENT_TEAM = 3X7HFG8283;
				GENERATE_INFOPLIST_FILE = YES;
				INFOPLIST_FILE = ToDoApp/Info.plist;
				INFOPLIST_KEY_UIApplicationSupportsIndirectInputEvents = YES;
				INFOPLIST_KEY_UILaunchStoryboardName = LaunchScreen;
				INFOPLIST_KEY_UIMainStoryboardFile = Main;
				INFOPLIST_KEY_UISupportedInterfaceOrientations_iPad = "UIInterfaceOrientationPortrait UIInterfaceOrientationPortraitUpsideDown UIInterfaceOrientationLandscapeLeft UIInterfaceOrientationLandscapeRight";
				INFOPLIST_KEY_UISupportedInterfaceOrientations_iPhone = "UIInterfaceOrientationPortrait UIInterfaceOrientationLandscapeLeft UIInterfaceOrientationLandscapeRight";
				IPHONEOS_DEPLOYMENT_TARGET = 15.0;
				LD_RUNPATH_SEARCH_PATHS = (
					"$(inherited)",
					"@executable_path/Frameworks",
				);
				MARKETING_VERSION = 1.0;
				PRODUCT_BUNDLE_IDENTIFIER = BrownUIKit.ToDoApp;
				PRODUCT_NAME = "$(TARGET_NAME)";
				SWIFT_EMIT_LOC_STRINGS = YES;
				SWIFT_VERSION = 5.0;
				TARGETED_DEVICE_FAMILY = "1,2";
			};
			name = Debug;
		};
		D96785F62BC1361E00CCAE77 /* Release */ = {
			isa = XCBuildConfiguration;
			buildSettings = {
				ASSETCATALOG_COMPILER_APPICON_NAME = AppIcon;
				ASSETCATALOG_COMPILER_GLOBAL_ACCENT_COLOR_NAME = AccentColor;
				CODE_SIGN_STYLE = Automatic;
				CURRENT_PROJECT_VERSION = 1;
				DEVELOPMENT_TEAM = 3X7HFG8283;
				GENERATE_INFOPLIST_FILE = YES;
				INFOPLIST_FILE = ToDoApp/Info.plist;
				INFOPLIST_KEY_UIApplicationSupportsIndirectInputEvents = YES;
				INFOPLIST_KEY_UILaunchStoryboardName = LaunchScreen;
				INFOPLIST_KEY_UIMainStoryboardFile = Main;
				INFOPLIST_KEY_UISupportedInterfaceOrientations_iPad = "UIInterfaceOrientationPortrait UIInterfaceOrientationPortraitUpsideDown UIInterfaceOrientationLandscapeLeft UIInterfaceOrientationLandscapeRight";
				INFOPLIST_KEY_UISupportedInterfaceOrientations_iPhone = "UIInterfaceOrientationPortrait UIInterfaceOrientationLandscapeLeft UIInterfaceOrientationLandscapeRight";
				IPHONEOS_DEPLOYMENT_TARGET = 15.0;
				LD_RUNPATH_SEARCH_PATHS = (
					"$(inherited)",
					"@executable_path/Frameworks",
				);
				MARKETING_VERSION = 1.0;
				PRODUCT_BUNDLE_IDENTIFIER = BrownUIKit.ToDoApp;
				PRODUCT_NAME = "$(TARGET_NAME)";
				SWIFT_EMIT_LOC_STRINGS = YES;
				SWIFT_VERSION = 5.0;
				TARGETED_DEVICE_FAMILY = "1,2";
			};
			name = Release;
		};
/* End XCBuildConfiguration section */

/* Begin XCConfigurationList section */
		D96785D82BC1361D00CCAE77 /* Build configuration list for PBXProject "ToDoApp" */ = {
			isa = XCConfigurationList;
			buildConfigurations = (
				D96785F22BC1361E00CCAE77 /* Debug */,
				D96785F32BC1361E00CCAE77 /* Release */,
			);
			defaultConfigurationIsVisible = 0;
			defaultConfigurationName = Release;
		};
		D96785F42BC1361E00CCAE77 /* Build configuration list for PBXNativeTarget "ToDoApp" */ = {
			isa = XCConfigurationList;
			buildConfigurations = (
				D96785F52BC1361E00CCAE77 /* Debug */,
				D96785F62BC1361E00CCAE77 /* Release */,
			);
			defaultConfigurationIsVisible = 0;
			defaultConfigurationName = Release;
		};
/* End XCConfigurationList section */

/* Begin XCVersionGroup section */
		D96785E92BC1361D00CCAE77 /* ToDoApp.xcdatamodeld */ = {
			isa = XCVersionGroup;
			children = (
				D96785EA2BC1361D00CCAE77 /* ToDoApp.xcdatamodel */,
			);
			currentVersion = D96785EA2BC1361D00CCAE77 /* ToDoApp.xcdatamodel */;
			path = ToDoApp.xcdatamodeld;
			sourceTree = "<group>";
			versionGroupType = wrapper.xcdatamodel;
		};
/* End XCVersionGroup section */
	};
	rootObject = D96785D52BC1361D00CCAE77 /* Project object */;
}
