// !$*UTF8*$!
{
	archiveVersion = 1;
	classes = {
	};
	objectVersion = 56;
	objects = {

/* Begin PBXBuildFile section */
		D93D887D2BB93851005EABFA /* SearchViewController.swift in Sources */ = {isa = PBXBuildFile; fileRef = D93D887C2BB93851005EABFA /* SearchViewController.swift */; };
		D93D887F2BB9387C005EABFA /* SearchCollectionViewCell.swift in Sources */ = {isa = PBXBuildFile; fileRef = D93D887E2BB9387C005EABFA /* SearchCollectionViewCell.swift */; };
		D93D88822BB999BD005EABFA /* CodeViewController.swift in Sources */ = {isa = PBXBuildFile; fileRef = D93D88812BB999BD005EABFA /* CodeViewController.swift */; };
		D93D88852BB99DB5005EABFA /* SnapKit in Frameworks */ = {isa = PBXBuildFile; productRef = D93D88842BB99DB5005EABFA /* SnapKit */; };
		D93D88872BB99DB5005EABFA /* SnapKit-Dynamic in Frameworks */ = {isa = PBXBuildFile; productRef = D93D88862BB99DB5005EABFA /* SnapKit-Dynamic */; };
		D93D888A2BB99DBF005EABFA /* Then in Frameworks */ = {isa = PBXBuildFile; productRef = D93D88892BB99DBF005EABFA /* Then */; };
		D93D888C2BB9A8EE005EABFA /* CodeCollectionViewCell.swift in Sources */ = {isa = PBXBuildFile; fileRef = D93D888B2BB9A8EE005EABFA /* CodeCollectionViewCell.swift */; };
		D940E40D2BB800430005437A /* Case1CollectionViewCell.swift in Sources */ = {isa = PBXBuildFile; fileRef = D940E40C2BB800430005437A /* Case1CollectionViewCell.swift */; };
		D940E40F2BB800F20005437A /* Ghibli.swift in Sources */ = {isa = PBXBuildFile; fileRef = D940E40E2BB800F20005437A /* Ghibli.swift */; };
		D940E4112BB855510005437A /* Case1CollectionReusableView.swift in Sources */ = {isa = PBXBuildFile; fileRef = D940E4102BB855510005437A /* Case1CollectionReusableView.swift */; };
		D9F5898E2BB7FCDF0062DF72 /* AppDelegate.swift in Sources */ = {isa = PBXBuildFile; fileRef = D9F5898D2BB7FCDF0062DF72 /* AppDelegate.swift */; };
		D9F589902BB7FCDF0062DF72 /* SceneDelegate.swift in Sources */ = {isa = PBXBuildFile; fileRef = D9F5898F2BB7FCDF0062DF72 /* SceneDelegate.swift */; };
		D9F589922BB7FCDF0062DF72 /* Case1ViewController.swift in Sources */ = {isa = PBXBuildFile; fileRef = D9F589912BB7FCDF0062DF72 /* Case1ViewController.swift */; };
		D9F589952BB7FCDF0062DF72 /* Main.storyboard in Resources */ = {isa = PBXBuildFile; fileRef = D9F589932BB7FCDF0062DF72 /* Main.storyboard */; };
		D9F589972BB7FCE00062DF72 /* Assets.xcassets in Resources */ = {isa = PBXBuildFile; fileRef = D9F589962BB7FCE00062DF72 /* Assets.xcassets */; };
		D9F5899A2BB7FCE00062DF72 /* LaunchScreen.storyboard in Resources */ = {isa = PBXBuildFile; fileRef = D9F589982BB7FCE00062DF72 /* LaunchScreen.storyboard */; };
/* End PBXBuildFile section */

/* Begin PBXFileReference section */
		D93D887C2BB93851005EABFA /* SearchViewController.swift */ = {isa = PBXFileReference; lastKnownFileType = sourcecode.swift; path = SearchViewController.swift; sourceTree = "<group>"; };
		D93D887E2BB9387C005EABFA /* SearchCollectionViewCell.swift */ = {isa = PBXFileReference; lastKnownFileType = sourcecode.swift; path = SearchCollectionViewCell.swift; sourceTree = "<group>"; };
		D93D88812BB999BD005EABFA /* CodeViewController.swift */ = {isa = PBXFileReference; lastKnownFileType = sourcecode.swift; path = CodeViewController.swift; sourceTree = "<group>"; };
		D93D888B2BB9A8EE005EABFA /* CodeCollectionViewCell.swift */ = {isa = PBXFileReference; lastKnownFileType = sourcecode.swift; path = CodeCollectionViewCell.swift; sourceTree = "<group>"; };
		D940E40C2BB800430005437A /* Case1CollectionViewCell.swift */ = {isa = PBXFileReference; lastKnownFileType = sourcecode.swift; path = Case1CollectionViewCell.swift; sourceTree = "<group>"; };
		D940E40E2BB800F20005437A /* Ghibli.swift */ = {isa = PBXFileReference; lastKnownFileType = sourcecode.swift; path = Ghibli.swift; sourceTree = "<group>"; };
		D940E4102BB855510005437A /* Case1CollectionReusableView.swift */ = {isa = PBXFileReference; lastKnownFileType = sourcecode.swift; path = Case1CollectionReusableView.swift; sourceTree = "<group>"; };
		D9F5898A2BB7FCDF0062DF72 /* CollectionViewAdvanced.app */ = {isa = PBXFileReference; explicitFileType = wrapper.application; includeInIndex = 0; path = CollectionViewAdvanced.app; sourceTree = BUILT_PRODUCTS_DIR; };
		D9F5898D2BB7FCDF0062DF72 /* AppDelegate.swift */ = {isa = PBXFileReference; lastKnownFileType = sourcecode.swift; path = AppDelegate.swift; sourceTree = "<group>"; };
		D9F5898F2BB7FCDF0062DF72 /* SceneDelegate.swift */ = {isa = PBXFileReference; lastKnownFileType = sourcecode.swift; path = SceneDelegate.swift; sourceTree = "<group>"; };
		D9F589912BB7FCDF0062DF72 /* Case1ViewController.swift */ = {isa = PBXFileReference; lastKnownFileType = sourcecode.swift; path = Case1ViewController.swift; sourceTree = "<group>"; };
		D9F589942BB7FCDF0062DF72 /* Base */ = {isa = PBXFileReference; lastKnownFileType = file.storyboard; name = Base; path = Base.lproj/Main.storyboard; sourceTree = "<group>"; };
		D9F589962BB7FCE00062DF72 /* Assets.xcassets */ = {isa = PBXFileReference; lastKnownFileType = folder.assetcatalog; path = Assets.xcassets; sourceTree = "<group>"; };
		D9F589992BB7FCE00062DF72 /* Base */ = {isa = PBXFileReference; lastKnownFileType = file.storyboard; name = Base; path = Base.lproj/LaunchScreen.storyboard; sourceTree = "<group>"; };
		D9F5899B2BB7FCE00062DF72 /* Info.plist */ = {isa = PBXFileReference; lastKnownFileType = text.plist.xml; path = Info.plist; sourceTree = "<group>"; };
/* End PBXFileReference section */

/* Begin PBXFrameworksBuildPhase section */
		D9F589872BB7FCDF0062DF72 /* Frameworks */ = {
			isa = PBXFrameworksBuildPhase;
			buildActionMask = 2147483647;
			files = (
				D93D88852BB99DB5005EABFA /* SnapKit in Frameworks */,
				D93D888A2BB99DBF005EABFA /* Then in Frameworks */,
				D93D88872BB99DB5005EABFA /* SnapKit-Dynamic in Frameworks */,
			);
			runOnlyForDeploymentPostprocessing = 0;
		};
/* End PBXFrameworksBuildPhase section */

/* Begin PBXGroup section */
		D93D887B2BB9381C005EABFA /* Search */ = {
			isa = PBXGroup;
			children = (
				D93D887C2BB93851005EABFA /* SearchViewController.swift */,
				D93D887E2BB9387C005EABFA /* SearchCollectionViewCell.swift */,
			);
			path = Search;
			sourceTree = "<group>";
		};
		D93D88802BB999A4005EABFA /* CodeBase */ = {
			isa = PBXGroup;
			children = (
				D93D888B2BB9A8EE005EABFA /* CodeCollectionViewCell.swift */,
				D93D88812BB999BD005EABFA /* CodeViewController.swift */,
			);
			path = CodeBase;
			sourceTree = "<group>";
		};
		D9F589812BB7FCDF0062DF72 = {
			isa = PBXGroup;
			children = (
				D9F5898C2BB7FCDF0062DF72 /* CollectionViewAdvanced */,
				D9F5898B2BB7FCDF0062DF72 /* Products */,
			);
			sourceTree = "<group>";
		};
		D9F5898B2BB7FCDF0062DF72 /* Products */ = {
			isa = PBXGroup;
			children = (
				D9F5898A2BB7FCDF0062DF72 /* CollectionViewAdvanced.app */,
			);
			name = Products;
			sourceTree = "<group>";
		};
		D9F5898C2BB7FCDF0062DF72 /* CollectionViewAdvanced */ = {
			isa = PBXGroup;
			children = (
				D93D88802BB999A4005EABFA /* CodeBase */,
				D93D887B2BB9381C005EABFA /* Search */,
				D9F589A32BB7FE860062DF72 /* Home */,
				D9F5898D2BB7FCDF0062DF72 /* AppDelegate.swift */,
				D9F5898F2BB7FCDF0062DF72 /* SceneDelegate.swift */,
				D9F589932BB7FCDF0062DF72 /* Main.storyboard */,
				D9F589962BB7FCE00062DF72 /* Assets.xcassets */,
				D9F589982BB7FCE00062DF72 /* LaunchScreen.storyboard */,
				D9F5899B2BB7FCE00062DF72 /* Info.plist */,
				D940E40E2BB800F20005437A /* Ghibli.swift */,
			);
			path = CollectionViewAdvanced;
			sourceTree = "<group>";
		};
		D9F589A32BB7FE860062DF72 /* Home */ = {
			isa = PBXGroup;
			children = (
				D9F589912BB7FCDF0062DF72 /* Case1ViewController.swift */,
				D940E40C2BB800430005437A /* Case1CollectionViewCell.swift */,
				D940E4102BB855510005437A /* Case1CollectionReusableView.swift */,
			);
			path = Home;
			sourceTree = "<group>";
		};
/* End PBXGroup section */

/* Begin PBXNativeTarget section */
		D9F589892BB7FCDF0062DF72 /* CollectionViewAdvanced */ = {
			isa = PBXNativeTarget;
			buildConfigurationList = D9F5899E2BB7FCE00062DF72 /* Build configuration list for PBXNativeTarget "CollectionViewAdvanced" */;
			buildPhases = (
				D9F589862BB7FCDF0062DF72 /* Sources */,
				D9F589872BB7FCDF0062DF72 /* Frameworks */,
				D9F589882BB7FCDF0062DF72 /* Resources */,
			);
			buildRules = (
			);
			dependencies = (
			);
			name = CollectionViewAdvanced;
			packageProductDependencies = (
				D93D88842BB99DB5005EABFA /* SnapKit */,
				D93D88862BB99DB5005EABFA /* SnapKit-Dynamic */,
				D93D88892BB99DBF005EABFA /* Then */,
			);
			productName = CollectionViewAdvanced;
			productReference = D9F5898A2BB7FCDF0062DF72 /* CollectionViewAdvanced.app */;
			productType = "com.apple.product-type.application";
		};
/* End PBXNativeTarget section */

/* Begin PBXProject section */
		D9F589822BB7FCDF0062DF72 /* Project object */ = {
			isa = PBXProject;
			attributes = {
				BuildIndependentTargetsInParallel = 1;
				LastSwiftUpdateCheck = 1500;
				LastUpgradeCheck = 1500;
				TargetAttributes = {
					D9F589892BB7FCDF0062DF72 = {
						CreatedOnToolsVersion = 15.0;
					};
				};
			};
			buildConfigurationList = D9F589852BB7FCDF0062DF72 /* Build configuration list for PBXProject "CollectionViewAdvanced" */;
			compatibilityVersion = "Xcode 14.0";
			developmentRegion = en;
			hasScannedForEncodings = 0;
			knownRegions = (
				en,
				Base,
			);
			mainGroup = D9F589812BB7FCDF0062DF72;
			packageReferences = (
				D93D88832BB99DB5005EABFA /* XCRemoteSwiftPackageReference "SnapKit" */,
				D93D88882BB99DBF005EABFA /* XCRemoteSwiftPackageReference "Then" */,
			);
			productRefGroup = D9F5898B2BB7FCDF0062DF72 /* Products */;
			projectDirPath = "";
			projectRoot = "";
			targets = (
				D9F589892BB7FCDF0062DF72 /* CollectionViewAdvanced */,
			);
		};
/* End PBXProject section */

/* Begin PBXResourcesBuildPhase section */
		D9F589882BB7FCDF0062DF72 /* Resources */ = {
			isa = PBXResourcesBuildPhase;
			buildActionMask = 2147483647;
			files = (
				D9F5899A2BB7FCE00062DF72 /* LaunchScreen.storyboard in Resources */,
				D9F589972BB7FCE00062DF72 /* Assets.xcassets in Resources */,
				D9F589952BB7FCDF0062DF72 /* Main.storyboard in Resources */,
			);
			runOnlyForDeploymentPostprocessing = 0;
		};
/* End PBXResourcesBuildPhase section */

/* Begin PBXSourcesBuildPhase section */
		D9F589862BB7FCDF0062DF72 /* Sources */ = {
			isa = PBXSourcesBuildPhase;
			buildActionMask = 2147483647;
			files = (
				D940E40F2BB800F20005437A /* Ghibli.swift in Sources */,
				D93D887D2BB93851005EABFA /* SearchViewController.swift in Sources */,
				D940E40D2BB800430005437A /* Case1CollectionViewCell.swift in Sources */,
				D9F589922BB7FCDF0062DF72 /* Case1ViewController.swift in Sources */,
				D9F5898E2BB7FCDF0062DF72 /* AppDelegate.swift in Sources */,
				D93D888C2BB9A8EE005EABFA /* CodeCollectionViewCell.swift in Sources */,
				D9F589902BB7FCDF0062DF72 /* SceneDelegate.swift in Sources */,
				D93D88822BB999BD005EABFA /* CodeViewController.swift in Sources */,
				D93D887F2BB9387C005EABFA /* SearchCollectionViewCell.swift in Sources */,
				D940E4112BB855510005437A /* Case1CollectionReusableView.swift in Sources */,
			);
			runOnlyForDeploymentPostprocessing = 0;
		};
/* End PBXSourcesBuildPhase section */

/* Begin PBXVariantGroup section */
		D9F589932BB7FCDF0062DF72 /* Main.storyboard */ = {
			isa = PBXVariantGroup;
			children = (
				D9F589942BB7FCDF0062DF72 /* Base */,
			);
			name = Main.storyboard;
			sourceTree = "<group>";
		};
		D9F589982BB7FCE00062DF72 /* LaunchScreen.storyboard */ = {
			isa = PBXVariantGroup;
			children = (
				D9F589992BB7FCE00062DF72 /* Base */,
			);
			name = LaunchScreen.storyboard;
			sourceTree = "<group>";
		};
/* End PBXVariantGroup section */

/* Begin XCBuildConfiguration section */
		D9F5899C2BB7FCE00062DF72 /* Debug */ = {
			isa = XCBuildConfiguration;
			buildSettings = {
				ALWAYS_SEARCH_USER_PATHS = NO;
				ASSETCATALOG_COMPILER_GENERATE_SWIFT_ASSET_SYMBOL_EXTENSIONS = YES;
				CLANG_ANALYZER_NONNULL = YES;
				CLANG_ANALYZER_NUMBER_OBJECT_CONVERSION = YES_AGGRESSIVE;
				CLANG_CXX_LANGUAGE_STANDARD = "gnu++20";
				CLANG_ENABLE_MODULES = YES;
				CLANG_ENABLE_OBJC_ARC = YES;
				CLANG_ENABLE_OBJC_WEAK = YES;
				CLANG_WARN_BLOCK_CAPTURE_AUTORELEASING = YES;
				CLANG_WARN_BOOL_CONVERSION = YES;
				CLANG_WARN_COMMA = YES;
				CLANG_WARN_CONSTANT_CONVERSION = YES;
				CLANG_WARN_DEPRECATED_OBJC_IMPLEMENTATIONS = YES;
				CLANG_WARN_DIRECT_OBJC_ISA_USAGE = YES_ERROR;
				CLANG_WARN_DOCUMENTATION_COMMENTS = YES;
				CLANG_WARN_EMPTY_BODY = YES;
				CLANG_WARN_ENUM_CONVERSION = YES;
				CLANG_WARN_INFINITE_RECURSION = YES;
				CLANG_WARN_INT_CONVERSION = YES;
				CLANG_WARN_NON_LITERAL_NULL_CONVERSION = YES;
				CLANG_WARN_OBJC_IMPLICIT_RETAIN_SELF = YES;
				CLANG_WARN_OBJC_LITERAL_CONVERSION = YES;
				CLANG_WARN_OBJC_ROOT_CLASS = YES_ERROR;
				CLANG_WARN_QUOTED_INCLUDE_IN_FRAMEWORK_HEADER = YES;
				CLANG_WARN_RANGE_LOOP_ANALYSIS = YES;
				CLANG_WARN_STRICT_PROTOTYPES = YES;
				CLANG_WARN_SUSPICIOUS_MOVE = YES;
				CLANG_WARN_UNGUARDED_AVAILABILITY = YES_AGGRESSIVE;
				CLANG_WARN_UNREACHABLE_CODE = YES;
				CLANG_WARN__DUPLICATE_METHOD_MATCH = YES;
				COPY_PHASE_STRIP = NO;
				DEBUG_INFORMATION_FORMAT = dwarf;
				ENABLE_STRICT_OBJC_MSGSEND = YES;
				ENABLE_TESTABILITY = YES;
				ENABLE_USER_SCRIPT_SANDBOXING = YES;
				GCC_C_LANGUAGE_STANDARD = gnu17;
				GCC_DYNAMIC_NO_PIC = NO;
				GCC_NO_COMMON_BLOCKS = YES;
				GCC_OPTIMIZATION_LEVEL = 0;
				GCC_PREPROCESSOR_DEFINITIONS = (
					"DEBUG=1",
					"$(inherited)",
				);
				GCC_WARN_64_TO_32_BIT_CONVERSION = YES;
				GCC_WARN_ABOUT_RETURN_TYPE = YES_ERROR;
				GCC_WARN_UNDECLARED_SELECTOR = YES;
				GCC_WARN_UNINITIALIZED_AUTOS = YES_AGGRESSIVE;
				GCC_WARN_UNUSED_FUNCTION = YES;
				GCC_WARN_UNUSED_VARIABLE = YES;
				IPHONEOS_DEPLOYMENT_TARGET = 17.0;
				LOCALIZATION_PREFERS_STRING_CATALOGS = YES;
				MTL_ENABLE_DEBUG_INFO = INCLUDE_SOURCE;
				MTL_FAST_MATH = YES;
				ONLY_ACTIVE_ARCH = YES;
				SDKROOT = iphoneos;
				SWIFT_ACTIVE_COMPILATION_CONDITIONS = "DEBUG $(inherited)";
				SWIFT_OPTIMIZATION_LEVEL = "-Onone";
			};
			name = Debug;
		};
		D9F5899D2BB7FCE00062DF72 /* Release */ = {
			isa = XCBuildConfiguration;
			buildSettings = {
				ALWAYS_SEARCH_USER_PATHS = NO;
				ASSETCATALOG_COMPILER_GENERATE_SWIFT_ASSET_SYMBOL_EXTENSIONS = YES;
				CLANG_ANALYZER_NONNULL = YES;
				CLANG_ANALYZER_NUMBER_OBJECT_CONVERSION = YES_AGGRESSIVE;
				CLANG_CXX_LANGUAGE_STANDARD = "gnu++20";
				CLANG_ENABLE_MODULES = YES;
				CLANG_ENABLE_OBJC_ARC = YES;
				CLANG_ENABLE_OBJC_WEAK = YES;
				CLANG_WARN_BLOCK_CAPTURE_AUTORELEASING = YES;
				CLANG_WARN_BOOL_CONVERSION = YES;
				CLANG_WARN_COMMA = YES;
				CLANG_WARN_CONSTANT_CONVERSION = YES;
				CLANG_WARN_DEPRECATED_OBJC_IMPLEMENTATIONS = YES;
				CLANG_WARN_DIRECT_OBJC_ISA_USAGE = YES_ERROR;
				CLANG_WARN_DOCUMENTATION_COMMENTS = YES;
				CLANG_WARN_EMPTY_BODY = YES;
				CLANG_WARN_ENUM_CONVERSION = YES;
				CLANG_WARN_INFINITE_RECURSION = YES;
				CLANG_WARN_INT_CONVERSION = YES;
				CLANG_WARN_NON_LITERAL_NULL_CONVERSION = YES;
				CLANG_WARN_OBJC_IMPLICIT_RETAIN_SELF = YES;
				CLANG_WARN_OBJC_LITERAL_CONVERSION = YES;
				CLANG_WARN_OBJC_ROOT_CLASS = YES_ERROR;
				CLANG_WARN_QUOTED_INCLUDE_IN_FRAMEWORK_HEADER = YES;
				CLANG_WARN_RANGE_LOOP_ANALYSIS = YES;
				CLANG_WARN_STRICT_PROTOTYPES = YES;
				CLANG_WARN_SUSPICIOUS_MOVE = YES;
				CLANG_WARN_UNGUARDED_AVAILABILITY = YES_AGGRESSIVE;
				CLANG_WARN_UNREACHABLE_CODE = YES;
				CLANG_WARN__DUPLICATE_METHOD_MATCH = YES;
				COPY_PHASE_STRIP = NO;
				DEBUG_INFORMATION_FORMAT = "dwarf-with-dsym";
				ENABLE_NS_ASSERTIONS = NO;
				ENABLE_STRICT_OBJC_MSGSEND = YES;
				ENABLE_USER_SCRIPT_SANDBOXING = YES;
				GCC_C_LANGUAGE_STANDARD = gnu17;
				GCC_NO_COMMON_BLOCKS = YES;
				GCC_WARN_64_TO_32_BIT_CONVERSION = YES;
				GCC_WARN_ABOUT_RETURN_TYPE = YES_ERROR;
				GCC_WARN_UNDECLARED_SELECTOR = YES;
				GCC_WARN_UNINITIALIZED_AUTOS = YES_AGGRESSIVE;
				GCC_WARN_UNUSED_FUNCTION = YES;
				GCC_WARN_UNUSED_VARIABLE = YES;
				IPHONEOS_DEPLOYMENT_TARGET = 17.0;
				LOCALIZATION_PREFERS_STRING_CATALOGS = YES;
				MTL_ENABLE_DEBUG_INFO = NO;
				MTL_FAST_MATH = YES;
				SDKROOT = iphoneos;
				SWIFT_COMPILATION_MODE = wholemodule;
				VALIDATE_PRODUCT = YES;
			};
			name = Release;
		};
		D9F5899F2BB7FCE00062DF72 /* Debug */ = {
			isa = XCBuildConfiguration;
			buildSettings = {
				ASSETCATALOG_COMPILER_APPICON_NAME = AppIcon;
				ASSETCATALOG_COMPILER_GLOBAL_ACCENT_COLOR_NAME = AccentColor;
				CODE_SIGN_STYLE = Automatic;
				CURRENT_PROJECT_VERSION = 1;
				DEVELOPMENT_TEAM = 3X7HFG8283;
				GENERATE_INFOPLIST_FILE = YES;
				INFOPLIST_FILE = CollectionViewAdvanced/Info.plist;
				INFOPLIST_KEY_UIApplicationSupportsIndirectInputEvents = YES;
				INFOPLIST_KEY_UILaunchStoryboardName = LaunchScreen;
				INFOPLIST_KEY_UIMainStoryboardFile = Main;
				INFOPLIST_KEY_UISupportedInterfaceOrientations_iPad = "UIInterfaceOrientationPortrait UIInterfaceOrientationPortraitUpsideDown UIInterfaceOrientationLandscapeLeft UIInterfaceOrientationLandscapeRight";
				INFOPLIST_KEY_UISupportedInterfaceOrientations_iPhone = "UIInterfaceOrientationPortrait UIInterfaceOrientationLandscapeLeft UIInterfaceOrientationLandscapeRight";
				IPHONEOS_DEPLOYMENT_TARGET = 15.0;
				LD_RUNPATH_SEARCH_PATHS = (
					"$(inherited)",
					"@executable_path/Frameworks",
				);
				MARKETING_VERSION = 1.0;
				PRODUCT_BUNDLE_IDENTIFIER = BrownUIKit.CollectionViewAdvanced;
				PRODUCT_NAME = "$(TARGET_NAME)";
				SWIFT_EMIT_LOC_STRINGS = YES;
				SWIFT_VERSION = 5.0;
				TARGETED_DEVICE_FAMILY = "1,2";
			};
			name = Debug;
		};
		D9F589A02BB7FCE00062DF72 /* Release */ = {
			isa = XCBuildConfiguration;
			buildSettings = {
				ASSETCATALOG_COMPILER_APPICON_NAME = AppIcon;
				ASSETCATALOG_COMPILER_GLOBAL_ACCENT_COLOR_NAME = AccentColor;
				CODE_SIGN_STYLE = Automatic;
				CURRENT_PROJECT_VERSION = 1;
				DEVELOPMENT_TEAM = 3X7HFG8283;
				GENERATE_INFOPLIST_FILE = YES;
				INFOPLIST_FILE = CollectionViewAdvanced/Info.plist;
				INFOPLIST_KEY_UIApplicationSupportsIndirectInputEvents = YES;
				INFOPLIST_KEY_UILaunchStoryboardName = LaunchScreen;
				INFOPLIST_KEY_UIMainStoryboardFile = Main;
				INFOPLIST_KEY_UISupportedInterfaceOrientations_iPad = "UIInterfaceOrientationPortrait UIInterfaceOrientationPortraitUpsideDown UIInterfaceOrientationLandscapeLeft UIInterfaceOrientationLandscapeRight";
				INFOPLIST_KEY_UISupportedInterfaceOrientations_iPhone = "UIInterfaceOrientationPortrait UIInterfaceOrientationLandscapeLeft UIInterfaceOrientationLandscapeRight";
				IPHONEOS_DEPLOYMENT_TARGET = 15.0;
				LD_RUNPATH_SEARCH_PATHS = (
					"$(inherited)",
					"@executable_path/Frameworks",
				);
				MARKETING_VERSION = 1.0;
				PRODUCT_BUNDLE_IDENTIFIER = BrownUIKit.CollectionViewAdvanced;
				PRODUCT_NAME = "$(TARGET_NAME)";
				SWIFT_EMIT_LOC_STRINGS = YES;
				SWIFT_VERSION = 5.0;
				TARGETED_DEVICE_FAMILY = "1,2";
			};
			name = Release;
		};
/* End XCBuildConfiguration section */

/* Begin XCConfigurationList section */
		D9F589852BB7FCDF0062DF72 /* Build configuration list for PBXProject "CollectionViewAdvanced" */ = {
			isa = XCConfigurationList;
			buildConfigurations = (
				D9F5899C2BB7FCE00062DF72 /* Debug */,
				D9F5899D2BB7FCE00062DF72 /* Release */,
			);
			defaultConfigurationIsVisible = 0;
			defaultConfigurationName = Release;
		};
		D9F5899E2BB7FCE00062DF72 /* Build configuration list for PBXNativeTarget "CollectionViewAdvanced" */ = {
			isa = XCConfigurationList;
			buildConfigurations = (
				D9F5899F2BB7FCE00062DF72 /* Debug */,
				D9F589A02BB7FCE00062DF72 /* Release */,
			);
			defaultConfigurationIsVisible = 0;
			defaultConfigurationName = Release;
		};
/* End XCConfigurationList section */

/* Begin XCRemoteSwiftPackageReference section */
		D93D88832BB99DB5005EABFA /* XCRemoteSwiftPackageReference "SnapKit" */ = {
			isa = XCRemoteSwiftPackageReference;
			repositoryURL = "https://github.com/SnapKit/SnapKit";
			requirement = {
				kind = upToNextMajorVersion;
				minimumVersion = 5.7.1;
			};
		};
		D93D88882BB99DBF005EABFA /* XCRemoteSwiftPackageReference "Then" */ = {
			isa = XCRemoteSwiftPackageReference;
			repositoryURL = "https://github.com/devxoul/Then";
			requirement = {
				kind = upToNextMajorVersion;
				minimumVersion = 3.0.0;
			};
		};
/* End XCRemoteSwiftPackageReference section */

/* Begin XCSwiftPackageProductDependency section */
		D93D88842BB99DB5005EABFA /* SnapKit */ = {
			isa = XCSwiftPackageProductDependency;
			package = D93D88832BB99DB5005EABFA /* XCRemoteSwiftPackageReference "SnapKit" */;
			productName = SnapKit;
		};
		D93D88862BB99DB5005EABFA /* SnapKit-Dynamic */ = {
			isa = XCSwiftPackageProductDependency;
			package = D93D88832BB99DB5005EABFA /* XCRemoteSwiftPackageReference "SnapKit" */;
			productName = "SnapKit-Dynamic";
		};
		D93D88892BB99DBF005EABFA /* Then */ = {
			isa = XCSwiftPackageProductDependency;
			package = D93D88882BB99DBF005EABFA /* XCRemoteSwiftPackageReference "Then" */;
			productName = Then;
		};
/* End XCSwiftPackageProductDependency section */
	};
	rootObject = D9F589822BB7FCDF0062DF72 /* Project object */;
}
