// !$*UTF8*$!
{
	archiveVersion = 1;
	classes = {
	};
	objectVersion = 56;
	objects = {

/* Begin PBXBuildFile section */
		D9373DCD2BBFC5B000CCA5F0 /* SearchResultViewController.swift in Sources */ = {isa = PBXBuildFile; fileRef = D9373DCC2BBFC5B000CCA5F0 /* SearchResultViewController.swift */; };
		D9373DCF2BBFCB6300CCA5F0 /* MusicCollectionViewCell.swift in Sources */ = {isa = PBXBuildFile; fileRef = D9373DCE2BBFCB6300CCA5F0 /* MusicCollectionViewCell.swift */; };
		D94FCB472BBE721A00E71E2E /* MusicCell.swift in Sources */ = {isa = PBXBuildFile; fileRef = D94FCB452BBE721A00E71E2E /* MusicCell.swift */; };
		D94FCB482BBE721A00E71E2E /* MusicCell.xib in Resources */ = {isa = PBXBuildFile; fileRef = D94FCB462BBE721A00E71E2E /* MusicCell.xib */; };
		D94FCB4D2BBE856700E71E2E /* NetworkManager.swift in Sources */ = {isa = PBXBuildFile; fileRef = D94FCB4C2BBE856700E71E2E /* NetworkManager.swift */; };
		D94FCB502BBE882300E71E2E /* Constants.swift in Sources */ = {isa = PBXBuildFile; fileRef = D94FCB4F2BBE882300E71E2E /* Constants.swift */; };
		D94FCB522BBE9CBB00E71E2E /* Music.swift in Sources */ = {isa = PBXBuildFile; fileRef = D94FCB512BBE9CBB00E71E2E /* Music.swift */; };
		D9B939692BBD81450099232A /* AppDelegate.swift in Sources */ = {isa = PBXBuildFile; fileRef = D9B939682BBD81450099232A /* AppDelegate.swift */; };
		D9B9396B2BBD81450099232A /* SceneDelegate.swift in Sources */ = {isa = PBXBuildFile; fileRef = D9B9396A2BBD81450099232A /* SceneDelegate.swift */; };
		D9B9396D2BBD81450099232A /* MainViewController.swift in Sources */ = {isa = PBXBuildFile; fileRef = D9B9396C2BBD81450099232A /* MainViewController.swift */; };
		D9B939702BBD81450099232A /* Main.storyboard in Resources */ = {isa = PBXBuildFile; fileRef = D9B9396E2BBD81450099232A /* Main.storyboard */; };
		D9B939722BBD81460099232A /* Assets.xcassets in Resources */ = {isa = PBXBuildFile; fileRef = D9B939712BBD81460099232A /* Assets.xcassets */; };
		D9B939752BBD81460099232A /* LaunchScreen.storyboard in Resources */ = {isa = PBXBuildFile; fileRef = D9B939732BBD81460099232A /* LaunchScreen.storyboard */; };
/* End PBXBuildFile section */

/* Begin PBXFileReference section */
		D9373DCC2BBFC5B000CCA5F0 /* SearchResultViewController.swift */ = {isa = PBXFileReference; lastKnownFileType = sourcecode.swift; path = SearchResultViewController.swift; sourceTree = "<group>"; };
		D9373DCE2BBFCB6300CCA5F0 /* MusicCollectionViewCell.swift */ = {isa = PBXFileReference; lastKnownFileType = sourcecode.swift; path = MusicCollectionViewCell.swift; sourceTree = "<group>"; };
		D94FCB452BBE721A00E71E2E /* MusicCell.swift */ = {isa = PBXFileReference; lastKnownFileType = sourcecode.swift; path = MusicCell.swift; sourceTree = "<group>"; };
		D94FCB462BBE721A00E71E2E /* MusicCell.xib */ = {isa = PBXFileReference; lastKnownFileType = file.xib; path = MusicCell.xib; sourceTree = "<group>"; };
		D94FCB4C2BBE856700E71E2E /* NetworkManager.swift */ = {isa = PBXFileReference; lastKnownFileType = sourcecode.swift; path = NetworkManager.swift; sourceTree = "<group>"; };
		D94FCB4F2BBE882300E71E2E /* Constants.swift */ = {isa = PBXFileReference; lastKnownFileType = sourcecode.swift; path = Constants.swift; sourceTree = "<group>"; };
		D94FCB512BBE9CBB00E71E2E /* Music.swift */ = {isa = PBXFileReference; lastKnownFileType = sourcecode.swift; path = Music.swift; sourceTree = "<group>"; };
		D9B939652BBD81450099232A /* MusicApp.app */ = {isa = PBXFileReference; explicitFileType = wrapper.application; includeInIndex = 0; path = MusicApp.app; sourceTree = BUILT_PRODUCTS_DIR; };
		D9B939682BBD81450099232A /* AppDelegate.swift */ = {isa = PBXFileReference; lastKnownFileType = sourcecode.swift; path = AppDelegate.swift; sourceTree = "<group>"; };
		D9B9396A2BBD81450099232A /* SceneDelegate.swift */ = {isa = PBXFileReference; lastKnownFileType = sourcecode.swift; path = SceneDelegate.swift; sourceTree = "<group>"; };
		D9B9396C2BBD81450099232A /* MainViewController.swift */ = {isa = PBXFileReference; lastKnownFileType = sourcecode.swift; path = MainViewController.swift; sourceTree = "<group>"; };
		D9B9396F2BBD81450099232A /* Base */ = {isa = PBXFileReference; lastKnownFileType = file.storyboard; name = Base; path = Base.lproj/Main.storyboard; sourceTree = "<group>"; };
		D9B939712BBD81460099232A /* Assets.xcassets */ = {isa = PBXFileReference; lastKnownFileType = folder.assetcatalog; path = Assets.xcassets; sourceTree = "<group>"; };
		D9B939742BBD81460099232A /* Base */ = {isa = PBXFileReference; lastKnownFileType = file.storyboard; name = Base; path = Base.lproj/LaunchScreen.storyboard; sourceTree = "<group>"; };
		D9B939762BBD81460099232A /* Info.plist */ = {isa = PBXFileReference; lastKnownFileType = text.plist.xml; path = Info.plist; sourceTree = "<group>"; };
/* End PBXFileReference section */

/* Begin PBXFrameworksBuildPhase section */
		D9B939622BBD81450099232A /* Frameworks */ = {
			isa = PBXFrameworksBuildPhase;
			buildActionMask = 2147483647;
			files = (
			);
			runOnlyForDeploymentPostprocessing = 0;
		};
/* End PBXFrameworksBuildPhase section */

/* Begin PBXGroup section */
		D94FCB422BBE706900E71E2E /* Models */ = {
			isa = PBXGroup;
			children = (
				D94FCB512BBE9CBB00E71E2E /* Music.swift */,
			);
			path = Models;
			sourceTree = "<group>";
		};
		D94FCB432BBE706F00E71E2E /* Views */ = {
			isa = PBXGroup;
			children = (
				D9B9396E2BBD81450099232A /* Main.storyboard */,
				D94FCB452BBE721A00E71E2E /* MusicCell.swift */,
				D94FCB462BBE721A00E71E2E /* MusicCell.xib */,
				D9373DCE2BBFCB6300CCA5F0 /* MusicCollectionViewCell.swift */,
			);
			path = Views;
			sourceTree = "<group>";
		};
		D94FCB442BBE707600E71E2E /* Controllers */ = {
			isa = PBXGroup;
			children = (
				D9B9396C2BBD81450099232A /* MainViewController.swift */,
				D9373DCC2BBFC5B000CCA5F0 /* SearchResultViewController.swift */,
			);
			path = Controllers;
			sourceTree = "<group>";
		};
		D94FCB492BBE846500E71E2E /* Networking */ = {
			isa = PBXGroup;
			children = (
				D94FCB4C2BBE856700E71E2E /* NetworkManager.swift */,
			);
			path = Networking;
			sourceTree = "<group>";
		};
		D94FCB4E2BBE881600E71E2E /* Helpers */ = {
			isa = PBXGroup;
			children = (
				D94FCB4F2BBE882300E71E2E /* Constants.swift */,
			);
			path = Helpers;
			sourceTree = "<group>";
		};
		D9B9395C2BBD81450099232A = {
			isa = PBXGroup;
			children = (
				D9B939672BBD81450099232A /* MusicApp */,
				D9B939662BBD81450099232A /* Products */,
			);
			sourceTree = "<group>";
		};
		D9B939662BBD81450099232A /* Products */ = {
			isa = PBXGroup;
			children = (
				D9B939652BBD81450099232A /* MusicApp.app */,
			);
			name = Products;
			sourceTree = "<group>";
		};
		D9B939672BBD81450099232A /* MusicApp */ = {
			isa = PBXGroup;
			children = (
				D94FCB4E2BBE881600E71E2E /* Helpers */,
				D94FCB492BBE846500E71E2E /* Networking */,
				D94FCB422BBE706900E71E2E /* Models */,
				D94FCB432BBE706F00E71E2E /* Views */,
				D94FCB442BBE707600E71E2E /* Controllers */,
				D9B939682BBD81450099232A /* AppDelegate.swift */,
				D9B9396A2BBD81450099232A /* SceneDelegate.swift */,
				D9B939712BBD81460099232A /* Assets.xcassets */,
				D9B939732BBD81460099232A /* LaunchScreen.storyboard */,
				D9B939762BBD81460099232A /* Info.plist */,
			);
			path = MusicApp;
			sourceTree = "<group>";
		};
/* End PBXGroup section */

/* Begin PBXNativeTarget section */
		D9B939642BBD81450099232A /* MusicApp */ = {
			isa = PBXNativeTarget;
			buildConfigurationList = D9B939792BBD81460099232A /* Build configuration list for PBXNativeTarget "MusicApp" */;
			buildPhases = (
				D9B939612BBD81450099232A /* Sources */,
				D9B939622BBD81450099232A /* Frameworks */,
				D9B939632BBD81450099232A /* Resources */,
			);
			buildRules = (
			);
			dependencies = (
			);
			name = MusicApp;
			productName = MusicApp;
			productReference = D9B939652BBD81450099232A /* MusicApp.app */;
			productType = "com.apple.product-type.application";
		};
/* End PBXNativeTarget section */

/* Begin PBXProject section */
		D9B9395D2BBD81450099232A /* Project object */ = {
			isa = PBXProject;
			attributes = {
				BuildIndependentTargetsInParallel = 1;
				LastSwiftUpdateCheck = 1500;
				LastUpgradeCheck = 1500;
				TargetAttributes = {
					D9B939642BBD81450099232A = {
						CreatedOnToolsVersion = 15.0;
					};
				};
			};
			buildConfigurationList = D9B939602BBD81450099232A /* Build configuration list for PBXProject "MusicApp" */;
			compatibilityVersion = "Xcode 14.0";
			developmentRegion = en;
			hasScannedForEncodings = 0;
			knownRegions = (
				en,
				Base,
			);
			mainGroup = D9B9395C2BBD81450099232A;
			productRefGroup = D9B939662BBD81450099232A /* Products */;
			projectDirPath = "";
			projectRoot = "";
			targets = (
				D9B939642BBD81450099232A /* MusicApp */,
			);
		};
/* End PBXProject section */

/* Begin PBXResourcesBuildPhase section */
		D9B939632BBD81450099232A /* Resources */ = {
			isa = PBXResourcesBuildPhase;
			buildActionMask = 2147483647;
			files = (
				D9B939752BBD81460099232A /* LaunchScreen.storyboard in Resources */,
				D9B939722BBD81460099232A /* Assets.xcassets in Resources */,
				D9B939702BBD81450099232A /* Main.storyboard in Resources */,
				D94FCB482BBE721A00E71E2E /* MusicCell.xib in Resources */,
			);
			runOnlyForDeploymentPostprocessing = 0;
		};
/* End PBXResourcesBuildPhase section */

/* Begin PBXSourcesBuildPhase section */
		D9B939612BBD81450099232A /* Sources */ = {
			isa = PBXSourcesBuildPhase;
			buildActionMask = 2147483647;
			files = (
				D94FCB4D2BBE856700E71E2E /* NetworkManager.swift in Sources */,
				D9B9396D2BBD81450099232A /* MainViewController.swift in Sources */,
				D9B939692BBD81450099232A /* AppDelegate.swift in Sources */,
				D9B9396B2BBD81450099232A /* SceneDelegate.swift in Sources */,
				D9373DCF2BBFCB6300CCA5F0 /* MusicCollectionViewCell.swift in Sources */,
				D94FCB502BBE882300E71E2E /* Constants.swift in Sources */,
				D94FCB472BBE721A00E71E2E /* MusicCell.swift in Sources */,
				D9373DCD2BBFC5B000CCA5F0 /* SearchResultViewController.swift in Sources */,
				D94FCB522BBE9CBB00E71E2E /* Music.swift in Sources */,
			);
			runOnlyForDeploymentPostprocessing = 0;
		};
/* End PBXSourcesBuildPhase section */

/* Begin PBXVariantGroup section */
		D9B9396E2BBD81450099232A /* Main.storyboard */ = {
			isa = PBXVariantGroup;
			children = (
				D9B9396F2BBD81450099232A /* Base */,
			);
			name = Main.storyboard;
			sourceTree = "<group>";
		};
		D9B939732BBD81460099232A /* LaunchScreen.storyboard */ = {
			isa = PBXVariantGroup;
			children = (
				D9B939742BBD81460099232A /* Base */,
			);
			name = LaunchScreen.storyboard;
			sourceTree = "<group>";
		};
/* End PBXVariantGroup section */

/* Begin XCBuildConfiguration section */
		D9B939772BBD81460099232A /* Debug */ = {
			isa = XCBuildConfiguration;
			buildSettings = {
				ALWAYS_SEARCH_USER_PATHS = NO;
				ASSETCATALOG_COMPILER_GENERATE_SWIFT_ASSET_SYMBOL_EXTENSIONS = YES;
				CLANG_ANALYZER_NONNULL = YES;
				CLANG_ANALYZER_NUMBER_OBJECT_CONVERSION = YES_AGGRESSIVE;
				CLANG_CXX_LANGUAGE_STANDARD = "gnu++20";
				CLANG_ENABLE_MODULES = YES;
				CLANG_ENABLE_OBJC_ARC = YES;
				CLANG_ENABLE_OBJC_WEAK = YES;
				CLANG_WARN_BLOCK_CAPTURE_AUTORELEASING = YES;
				CLANG_WARN_BOOL_CONVERSION = YES;
				CLANG_WARN_COMMA = YES;
				CLANG_WARN_CONSTANT_CONVERSION = YES;
				CLANG_WARN_DEPRECATED_OBJC_IMPLEMENTATIONS = YES;
				CLANG_WARN_DIRECT_OBJC_ISA_USAGE = YES_ERROR;
				CLANG_WARN_DOCUMENTATION_COMMENTS = YES;
				CLANG_WARN_EMPTY_BODY = YES;
				CLANG_WARN_ENUM_CONVERSION = YES;
				CLANG_WARN_INFINITE_RECURSION = YES;
				CLANG_WARN_INT_CONVERSION = YES;
				CLANG_WARN_NON_LITERAL_NULL_CONVERSION = YES;
				CLANG_WARN_OBJC_IMPLICIT_RETAIN_SELF = YES;
				CLANG_WARN_OBJC_LITERAL_CONVERSION = YES;
				CLANG_WARN_OBJC_ROOT_CLASS = YES_ERROR;
				CLANG_WARN_QUOTED_INCLUDE_IN_FRAMEWORK_HEADER = YES;
				CLANG_WARN_RANGE_LOOP_ANALYSIS = YES;
				CLANG_WARN_STRICT_PROTOTYPES = YES;
				CLANG_WARN_SUSPICIOUS_MOVE = YES;
				CLANG_WARN_UNGUARDED_AVAILABILITY = YES_AGGRESSIVE;
				CLANG_WARN_UNREACHABLE_CODE = YES;
				CLANG_WARN__DUPLICATE_METHOD_MATCH = YES;
				COPY_PHASE_STRIP = NO;
				DEBUG_INFORMATION_FORMAT = dwarf;
				ENABLE_STRICT_OBJC_MSGSEND = YES;
				ENABLE_TESTABILITY = YES;
				ENABLE_USER_SCRIPT_SANDBOXING = YES;
				GCC_C_LANGUAGE_STANDARD = gnu17;
				GCC_DYNAMIC_NO_PIC = NO;
				GCC_NO_COMMON_BLOCKS = YES;
				GCC_OPTIMIZATION_LEVEL = 0;
				GCC_PREPROCESSOR_DEFINITIONS = (
					"DEBUG=1",
					"$(inherited)",
				);
				GCC_WARN_64_TO_32_BIT_CONVERSION = YES;
				GCC_WARN_ABOUT_RETURN_TYPE = YES_ERROR;
				GCC_WARN_UNDECLARED_SELECTOR = YES;
				GCC_WARN_UNINITIALIZED_AUTOS = YES_AGGRESSIVE;
				GCC_WARN_UNUSED_FUNCTION = YES;
				GCC_WARN_UNUSED_VARIABLE = YES;
				IPHONEOS_DEPLOYMENT_TARGET = 17.0;
				LOCALIZATION_PREFERS_STRING_CATALOGS = YES;
				MTL_ENABLE_DEBUG_INFO = INCLUDE_SOURCE;
				MTL_FAST_MATH = YES;
				ONLY_ACTIVE_ARCH = YES;
				SDKROOT = iphoneos;
				SWIFT_ACTIVE_COMPILATION_CONDITIONS = "DEBUG $(inherited)";
				SWIFT_OPTIMIZATION_LEVEL = "-Onone";
			};
			name = Debug;
		};
		D9B939782BBD81460099232A /* Release */ = {
			isa = XCBuildConfiguration;
			buildSettings = {
				ALWAYS_SEARCH_USER_PATHS = NO;
				ASSETCATALOG_COMPILER_GENERATE_SWIFT_ASSET_SYMBOL_EXTENSIONS = YES;
				CLANG_ANALYZER_NONNULL = YES;
				CLANG_ANALYZER_NUMBER_OBJECT_CONVERSION = YES_AGGRESSIVE;
				CLANG_CXX_LANGUAGE_STANDARD = "gnu++20";
				CLANG_ENABLE_MODULES = YES;
				CLANG_ENABLE_OBJC_ARC = YES;
				CLANG_ENABLE_OBJC_WEAK = YES;
				CLANG_WARN_BLOCK_CAPTURE_AUTORELEASING = YES;
				CLANG_WARN_BOOL_CONVERSION = YES;
				CLANG_WARN_COMMA = YES;
				CLANG_WARN_CONSTANT_CONVERSION = YES;
				CLANG_WARN_DEPRECATED_OBJC_IMPLEMENTATIONS = YES;
				CLANG_WARN_DIRECT_OBJC_ISA_USAGE = YES_ERROR;
				CLANG_WARN_DOCUMENTATION_COMMENTS = YES;
				CLANG_WARN_EMPTY_BODY = YES;
				CLANG_WARN_ENUM_CONVERSION = YES;
				CLANG_WARN_INFINITE_RECURSION = YES;
				CLANG_WARN_INT_CONVERSION = YES;
				CLANG_WARN_NON_LITERAL_NULL_CONVERSION = YES;
				CLANG_WARN_OBJC_IMPLICIT_RETAIN_SELF = YES;
				CLANG_WARN_OBJC_LITERAL_CONVERSION = YES;
				CLANG_WARN_OBJC_ROOT_CLASS = YES_ERROR;
				CLANG_WARN_QUOTED_INCLUDE_IN_FRAMEWORK_HEADER = YES;
				CLANG_WARN_RANGE_LOOP_ANALYSIS = YES;
				CLANG_WARN_STRICT_PROTOTYPES = YES;
				CLANG_WARN_SUSPICIOUS_MOVE = YES;
				CLANG_WARN_UNGUARDED_AVAILABILITY = YES_AGGRESSIVE;
				CLANG_WARN_UNREACHABLE_CODE = YES;
				CLANG_WARN__DUPLICATE_METHOD_MATCH = YES;
				COPY_PHASE_STRIP = NO;
				DEBUG_INFORMATION_FORMAT = "dwarf-with-dsym";
				ENABLE_NS_ASSERTIONS = NO;
				ENABLE_STRICT_OBJC_MSGSEND = YES;
				ENABLE_USER_SCRIPT_SANDBOXING = YES;
				GCC_C_LANGUAGE_STANDARD = gnu17;
				GCC_NO_COMMON_BLOCKS = YES;
				GCC_WARN_64_TO_32_BIT_CONVERSION = YES;
				GCC_WARN_ABOUT_RETURN_TYPE = YES_ERROR;
				GCC_WARN_UNDECLARED_SELECTOR = YES;
				GCC_WARN_UNINITIALIZED_AUTOS = YES_AGGRESSIVE;
				GCC_WARN_UNUSED_FUNCTION = YES;
				GCC_WARN_UNUSED_VARIABLE = YES;
				IPHONEOS_DEPLOYMENT_TARGET = 17.0;
				LOCALIZATION_PREFERS_STRING_CATALOGS = YES;
				MTL_ENABLE_DEBUG_INFO = NO;
				MTL_FAST_MATH = YES;
				SDKROOT = iphoneos;
				SWIFT_COMPILATION_MODE = wholemodule;
				VALIDATE_PRODUCT = YES;
			};
			name = Release;
		};
		D9B9397A2BBD81460099232A /* Debug */ = {
			isa = XCBuildConfiguration;
			buildSettings = {
				ASSETCATALOG_COMPILER_APPICON_NAME = AppIcon;
				ASSETCATALOG_COMPILER_GLOBAL_ACCENT_COLOR_NAME = AccentColor;
				CODE_SIGN_STYLE = Automatic;
				CURRENT_PROJECT_VERSION = 1;
				DEVELOPMENT_TEAM = 3X7HFG8283;
				GENERATE_INFOPLIST_FILE = YES;
				INFOPLIST_FILE = MusicApp/Info.plist;
				INFOPLIST_KEY_UIApplicationSupportsIndirectInputEvents = YES;
				INFOPLIST_KEY_UILaunchStoryboardName = LaunchScreen;
				INFOPLIST_KEY_UIMainStoryboardFile = Main;
				INFOPLIST_KEY_UISupportedInterfaceOrientations_iPad = "UIInterfaceOrientationPortrait UIInterfaceOrientationPortraitUpsideDown UIInterfaceOrientationLandscapeLeft UIInterfaceOrientationLandscapeRight";
				INFOPLIST_KEY_UISupportedInterfaceOrientations_iPhone = "UIInterfaceOrientationPortrait UIInterfaceOrientationLandscapeLeft UIInterfaceOrientationLandscapeRight";
				IPHONEOS_DEPLOYMENT_TARGET = 15.0;
				LD_RUNPATH_SEARCH_PATHS = (
					"$(inherited)",
					"@executable_path/Frameworks",
				);
				MARKETING_VERSION = 1.0;
				PRODUCT_BUNDLE_IDENTIFIER = BrownUIKit.MusicApp;
				PRODUCT_NAME = "$(TARGET_NAME)";
				SWIFT_EMIT_LOC_STRINGS = YES;
				SWIFT_VERSION = 5.0;
				TARGETED_DEVICE_FAMILY = "1,2";
			};
			name = Debug;
		};
		D9B9397B2BBD81460099232A /* Release */ = {
			isa = XCBuildConfiguration;
			buildSettings = {
				ASSETCATALOG_COMPILER_APPICON_NAME = AppIcon;
				ASSETCATALOG_COMPILER_GLOBAL_ACCENT_COLOR_NAME = AccentColor;
				CODE_SIGN_STYLE = Automatic;
				CURRENT_PROJECT_VERSION = 1;
				DEVELOPMENT_TEAM = 3X7HFG8283;
				GENERATE_INFOPLIST_FILE = YES;
				INFOPLIST_FILE = MusicApp/Info.plist;
				INFOPLIST_KEY_UIApplicationSupportsIndirectInputEvents = YES;
				INFOPLIST_KEY_UILaunchStoryboardName = LaunchScreen;
				INFOPLIST_KEY_UIMainStoryboardFile = Main;
				INFOPLIST_KEY_UISupportedInterfaceOrientations_iPad = "UIInterfaceOrientationPortrait UIInterfaceOrientationPortraitUpsideDown UIInterfaceOrientationLandscapeLeft UIInterfaceOrientationLandscapeRight";
				INFOPLIST_KEY_UISupportedInterfaceOrientations_iPhone = "UIInterfaceOrientationPortrait UIInterfaceOrientationLandscapeLeft UIInterfaceOrientationLandscapeRight";
				IPHONEOS_DEPLOYMENT_TARGET = 15.0;
				LD_RUNPATH_SEARCH_PATHS = (
					"$(inherited)",
					"@executable_path/Frameworks",
				);
				MARKETING_VERSION = 1.0;
				PRODUCT_BUNDLE_IDENTIFIER = BrownUIKit.MusicApp;
				PRODUCT_NAME = "$(TARGET_NAME)";
				SWIFT_EMIT_LOC_STRINGS = YES;
				SWIFT_VERSION = 5.0;
				TARGETED_DEVICE_FAMILY = "1,2";
			};
			name = Release;
		};
/* End XCBuildConfiguration section */

/* Begin XCConfigurationList section */
		D9B939602BBD81450099232A /* Build configuration list for PBXProject "MusicApp" */ = {
			isa = XCConfigurationList;
			buildConfigurations = (
				D9B939772BBD81460099232A /* Debug */,
				D9B939782BBD81460099232A /* Release */,
			);
			defaultConfigurationIsVisible = 0;
			defaultConfigurationName = Release;
		};
		D9B939792BBD81460099232A /* Build configuration list for PBXNativeTarget "MusicApp" */ = {
			isa = XCConfigurationList;
			buildConfigurations = (
				D9B9397A2BBD81460099232A /* Debug */,
				D9B9397B2BBD81460099232A /* Release */,
			);
			defaultConfigurationIsVisible = 0;
			defaultConfigurationName = Release;
		};
/* End XCConfigurationList section */
	};
	rootObject = D9B9395D2BBD81450099232A /* Project object */;
}
